// !$*UTF8*$!
{
	archiveVersion = 1;
	classes = {
	};
	objectVersion = 46;
	objects = {

/* Begin PBXBuildFile section */
		BA5B21A11CC02D4700654A6C /* StringUnicodeScalarView.swift in Sources */ = {isa = PBXBuildFile; fileRef = BA5B21A01CC02D4700654A6C /* StringUnicodeScalarView.swift */; };
		BA5B21A21CC02D4700654A6C /* StringUnicodeScalarView.swift in Sources */ = {isa = PBXBuildFile; fileRef = BA5B21A01CC02D4700654A6C /* StringUnicodeScalarView.swift */; };
		BA5B21A31CC02D4700654A6C /* StringUnicodeScalarView.swift in Sources */ = {isa = PBXBuildFile; fileRef = BA5B21A01CC02D4700654A6C /* StringUnicodeScalarView.swift */; };
		BA5B21A41CC02D4700654A6C /* StringUnicodeScalarView.swift in Sources */ = {isa = PBXBuildFile; fileRef = BA5B21A01CC02D4700654A6C /* StringUnicodeScalarView.swift */; };
		BA5FC1161CB5799700FBCB84 /* Medea_OSX.h in Headers */ = {isa = PBXBuildFile; fileRef = BA5FC1151CB5799700FBCB84 /* Medea_OSX.h */; settings = {ATTRIBUTES = (Public, ); }; };
		BA5FC11D1CB5799700FBCB84 /* Medea.framework in Frameworks */ = {isa = PBXBuildFile; fileRef = BA5FC1131CB5799700FBCB84 /* Medea.framework */; };
		BA5FC1321CB57CFE00FBCB84 /* Medea_iOS.h in Headers */ = {isa = PBXBuildFile; fileRef = BA5FC1311CB57CFE00FBCB84 /* Medea_iOS.h */; settings = {ATTRIBUTES = (Public, ); }; };
		BA5FC1391CB57CFE00FBCB84 /* Medea.framework in Frameworks */ = {isa = PBXBuildFile; fileRef = BA5FC12F1CB57CFE00FBCB84 /* Medea.framework */; };
		BA5FC1681CB5952500FBCB84 /* Medea_tvOS.h in Headers */ = {isa = PBXBuildFile; fileRef = BA5FC1671CB5952500FBCB84 /* Medea_tvOS.h */; settings = {ATTRIBUTES = (Public, ); }; };
		BA5FC16F1CB5952500FBCB84 /* Medea.framework in Frameworks */ = {isa = PBXBuildFile; fileRef = BA5FC1651CB5952500FBCB84 /* Medea.framework */; };
		BA6306FE1CC0BCC5000D98EA /* MedeaTestSerialization.swift in Sources */ = {isa = PBXBuildFile; fileRef = BA6306FD1CC0BCC5000D98EA /* MedeaTestSerialization.swift */; };
		BA6306FF1CC0BCC5000D98EA /* MedeaTestSerialization.swift in Sources */ = {isa = PBXBuildFile; fileRef = BA6306FD1CC0BCC5000D98EA /* MedeaTestSerialization.swift */; };
		BA6307001CC0BCC5000D98EA /* MedeaTestSerialization.swift in Sources */ = {isa = PBXBuildFile; fileRef = BA6306FD1CC0BCC5000D98EA /* MedeaTestSerialization.swift */; };
		BA6AC9DC1CB6DBCE00D301DD /* JSON+Foundation.swift in Sources */ = {isa = PBXBuildFile; fileRef = BA6AC9DB1CB6DBCE00D301DD /* JSON+Foundation.swift */; };
		BA6AC9DD1CB6DBCE00D301DD /* JSON+Foundation.swift in Sources */ = {isa = PBXBuildFile; fileRef = BA6AC9DB1CB6DBCE00D301DD /* JSON+Foundation.swift */; };
		BA6AC9DE1CB6DBCE00D301DD /* JSON+Foundation.swift in Sources */ = {isa = PBXBuildFile; fileRef = BA6AC9DB1CB6DBCE00D301DD /* JSON+Foundation.swift */; };
		BA6AC9DF1CB6DBCE00D301DD /* JSON+Foundation.swift in Sources */ = {isa = PBXBuildFile; fileRef = BA6AC9DB1CB6DBCE00D301DD /* JSON+Foundation.swift */; };
		BAA6500D1CB599E8006F561A /* Medea_watchOS.h in Headers */ = {isa = PBXBuildFile; fileRef = BAA6500C1CB599E8006F561A /* Medea_watchOS.h */; settings = {ATTRIBUTES = (Public, ); }; };
		BAA650121CB5AE69006F561A /* JSON.swift in Sources */ = {isa = PBXBuildFile; fileRef = BA5B9B6F1CB46249003EF1CA /* JSON.swift */; };
		BAA650131CB5AE6A006F561A /* JSON.swift in Sources */ = {isa = PBXBuildFile; fileRef = BA5B9B6F1CB46249003EF1CA /* JSON.swift */; };
		BAA650141CB5AE6B006F561A /* JSON.swift in Sources */ = {isa = PBXBuildFile; fileRef = BA5B9B6F1CB46249003EF1CA /* JSON.swift */; };
		BAA650151CB5AE6D006F561A /* JSON.swift in Sources */ = {isa = PBXBuildFile; fileRef = BA5B9B6F1CB46249003EF1CA /* JSON.swift */; };
		BAA650161CB5AE71006F561A /* JSON+Accessor.swift in Sources */ = {isa = PBXBuildFile; fileRef = BA5B9B701CB46249003EF1CA /* JSON+Accessor.swift */; };
		BAA650171CB5AE72006F561A /* JSON+Accessor.swift in Sources */ = {isa = PBXBuildFile; fileRef = BA5B9B701CB46249003EF1CA /* JSON+Accessor.swift */; };
		BAA650181CB5AE73006F561A /* JSON+Accessor.swift in Sources */ = {isa = PBXBuildFile; fileRef = BA5B9B701CB46249003EF1CA /* JSON+Accessor.swift */; };
		BAA650191CB5AE74006F561A /* JSON+Accessor.swift in Sources */ = {isa = PBXBuildFile; fileRef = BA5B9B701CB46249003EF1CA /* JSON+Accessor.swift */; };
		BAA6501A1CB5AE78006F561A /* JSON+Initializer.swift in Sources */ = {isa = PBXBuildFile; fileRef = BA5B9B711CB46249003EF1CA /* JSON+Initializer.swift */; };
		BAA6501B1CB5AE78006F561A /* JSON+Initializer.swift in Sources */ = {isa = PBXBuildFile; fileRef = BA5B9B711CB46249003EF1CA /* JSON+Initializer.swift */; };
		BAA6501C1CB5AE79006F561A /* JSON+Initializer.swift in Sources */ = {isa = PBXBuildFile; fileRef = BA5B9B711CB46249003EF1CA /* JSON+Initializer.swift */; };
		BAA6501D1CB5AE7A006F561A /* JSON+Initializer.swift in Sources */ = {isa = PBXBuildFile; fileRef = BA5B9B711CB46249003EF1CA /* JSON+Initializer.swift */; };
		BAA6501E1CB5AE7F006F561A /* JSON+LiteralConvertible.swift in Sources */ = {isa = PBXBuildFile; fileRef = BA5B9B721CB46249003EF1CA /* JSON+LiteralConvertible.swift */; };
		BAA6501F1CB5AE7F006F561A /* JSON+LiteralConvertible.swift in Sources */ = {isa = PBXBuildFile; fileRef = BA5B9B721CB46249003EF1CA /* JSON+LiteralConvertible.swift */; };
		BAA650201CB5AE80006F561A /* JSON+LiteralConvertible.swift in Sources */ = {isa = PBXBuildFile; fileRef = BA5B9B721CB46249003EF1CA /* JSON+LiteralConvertible.swift */; };
		BAA650211CB5AE81006F561A /* JSON+LiteralConvertible.swift in Sources */ = {isa = PBXBuildFile; fileRef = BA5B9B721CB46249003EF1CA /* JSON+LiteralConvertible.swift */; };
		BAA650221CB5AE84006F561A /* JSON+Constant.swift in Sources */ = {isa = PBXBuildFile; fileRef = BA5B9B781CB46371003EF1CA /* JSON+Constant.swift */; };
		BAA650231CB5AE85006F561A /* JSON+Constant.swift in Sources */ = {isa = PBXBuildFile; fileRef = BA5B9B781CB46371003EF1CA /* JSON+Constant.swift */; };
		BAA650241CB5AE86006F561A /* JSON+Constant.swift in Sources */ = {isa = PBXBuildFile; fileRef = BA5B9B781CB46371003EF1CA /* JSON+Constant.swift */; };
		BAA650251CB5AE86006F561A /* JSON+Constant.swift in Sources */ = {isa = PBXBuildFile; fileRef = BA5B9B781CB46371003EF1CA /* JSON+Constant.swift */; };
		BAA650261CB5AE8E006F561A /* Scanner.swift in Sources */ = {isa = PBXBuildFile; fileRef = BA5B9B7B1CB465AB003EF1CA /* Scanner.swift */; };
		BAA650271CB5AE8F006F561A /* Scanner.swift in Sources */ = {isa = PBXBuildFile; fileRef = BA5B9B7B1CB465AB003EF1CA /* Scanner.swift */; };
		BAA650281CB5AE90006F561A /* Scanner.swift in Sources */ = {isa = PBXBuildFile; fileRef = BA5B9B7B1CB465AB003EF1CA /* Scanner.swift */; };
		BAA650291CB5AE90006F561A /* Scanner.swift in Sources */ = {isa = PBXBuildFile; fileRef = BA5B9B7B1CB465AB003EF1CA /* Scanner.swift */; };
		BAA6502A1CB5AE93006F561A /* Set+PatternMatch.swift in Sources */ = {isa = PBXBuildFile; fileRef = BA5B9B7C1CB465AB003EF1CA /* Set+PatternMatch.swift */; };
		BAA6502B1CB5AE94006F561A /* Set+PatternMatch.swift in Sources */ = {isa = PBXBuildFile; fileRef = BA5B9B7C1CB465AB003EF1CA /* Set+PatternMatch.swift */; };
		BAA6502C1CB5AE95006F561A /* Set+PatternMatch.swift in Sources */ = {isa = PBXBuildFile; fileRef = BA5B9B7C1CB465AB003EF1CA /* Set+PatternMatch.swift */; };
		BAA6502D1CB5AE96006F561A /* Set+PatternMatch.swift in Sources */ = {isa = PBXBuildFile; fileRef = BA5B9B7C1CB465AB003EF1CA /* Set+PatternMatch.swift */; };
		BAA6502E1CB5AE9E006F561A /* JSONDeserialization.swift in Sources */ = {isa = PBXBuildFile; fileRef = BA5B9B851CB4664F003EF1CA /* JSONDeserialization.swift */; };
		BAA650361CB5AE9F006F561A /* JSONDeserialization.swift in Sources */ = {isa = PBXBuildFile; fileRef = BA5B9B851CB4664F003EF1CA /* JSONDeserialization.swift */; };
		BAA6503E1CB5AEA0006F561A /* JSONDeserialization.swift in Sources */ = {isa = PBXBuildFile; fileRef = BA5B9B851CB4664F003EF1CA /* JSONDeserialization.swift */; };
		BAA650461CB5AEA0006F561A /* JSONDeserialization.swift in Sources */ = {isa = PBXBuildFile; fileRef = BA5B9B851CB4664F003EF1CA /* JSONDeserialization.swift */; };
		BAA6504E1CB5AEAB006F561A /* JSONSerialization.swift in Sources */ = {isa = PBXBuildFile; fileRef = BA5B9B931CB4670A003EF1CA /* JSONSerialization.swift */; };
		BAA6504F1CB5AEAB006F561A /* JSONNullSerialization.swift in Sources */ = {isa = PBXBuildFile; fileRef = BA5B9B961CB4670A003EF1CA /* JSONNullSerialization.swift */; };
		BAA650501CB5AEAB006F561A /* JSONBoolSerialization.swift in Sources */ = {isa = PBXBuildFile; fileRef = BA5B9B921CB4670A003EF1CA /* JSONBoolSerialization.swift */; };
		BAA650511CB5AEAB006F561A /* JSONNumberSerialization.swift in Sources */ = {isa = PBXBuildFile; fileRef = BA5B9B951CB4670A003EF1CA /* JSONNumberSerialization.swift */; };
		BAA650531CB5AEAB006F561A /* JSONStringSerialization.swift in Sources */ = {isa = PBXBuildFile; fileRef = BA5B9B981CB4670A003EF1CA /* JSONStringSerialization.swift */; };
		BAA650541CB5AEAB006F561A /* JSONArraySerialization.swift in Sources */ = {isa = PBXBuildFile; fileRef = BA5B9B911CB4670A003EF1CA /* JSONArraySerialization.swift */; };
		BAA650551CB5AEAB006F561A /* JSONObjectSerialization.swift in Sources */ = {isa = PBXBuildFile; fileRef = BA5B9B971CB4670A003EF1CA /* JSONObjectSerialization.swift */; };
		BAA650561CB5AEAB006F561A /* JSONSerialization.swift in Sources */ = {isa = PBXBuildFile; fileRef = BA5B9B931CB4670A003EF1CA /* JSONSerialization.swift */; };
		BAA650571CB5AEAB006F561A /* JSONNullSerialization.swift in Sources */ = {isa = PBXBuildFile; fileRef = BA5B9B961CB4670A003EF1CA /* JSONNullSerialization.swift */; };
		BAA650581CB5AEAB006F561A /* JSONBoolSerialization.swift in Sources */ = {isa = PBXBuildFile; fileRef = BA5B9B921CB4670A003EF1CA /* JSONBoolSerialization.swift */; };
		BAA650591CB5AEAB006F561A /* JSONNumberSerialization.swift in Sources */ = {isa = PBXBuildFile; fileRef = BA5B9B951CB4670A003EF1CA /* JSONNumberSerialization.swift */; };
		BAA6505B1CB5AEAB006F561A /* JSONStringSerialization.swift in Sources */ = {isa = PBXBuildFile; fileRef = BA5B9B981CB4670A003EF1CA /* JSONStringSerialization.swift */; };
		BAA6505C1CB5AEAB006F561A /* JSONArraySerialization.swift in Sources */ = {isa = PBXBuildFile; fileRef = BA5B9B911CB4670A003EF1CA /* JSONArraySerialization.swift */; };
		BAA6505D1CB5AEAB006F561A /* JSONObjectSerialization.swift in Sources */ = {isa = PBXBuildFile; fileRef = BA5B9B971CB4670A003EF1CA /* JSONObjectSerialization.swift */; };
		BAA6505E1CB5AEAC006F561A /* JSONSerialization.swift in Sources */ = {isa = PBXBuildFile; fileRef = BA5B9B931CB4670A003EF1CA /* JSONSerialization.swift */; };
		BAA6505F1CB5AEAC006F561A /* JSONNullSerialization.swift in Sources */ = {isa = PBXBuildFile; fileRef = BA5B9B961CB4670A003EF1CA /* JSONNullSerialization.swift */; };
		BAA650601CB5AEAC006F561A /* JSONBoolSerialization.swift in Sources */ = {isa = PBXBuildFile; fileRef = BA5B9B921CB4670A003EF1CA /* JSONBoolSerialization.swift */; };
		BAA650611CB5AEAC006F561A /* JSONNumberSerialization.swift in Sources */ = {isa = PBXBuildFile; fileRef = BA5B9B951CB4670A003EF1CA /* JSONNumberSerialization.swift */; };
		BAA650631CB5AEAC006F561A /* JSONStringSerialization.swift in Sources */ = {isa = PBXBuildFile; fileRef = BA5B9B981CB4670A003EF1CA /* JSONStringSerialization.swift */; };
		BAA650641CB5AEAC006F561A /* JSONArraySerialization.swift in Sources */ = {isa = PBXBuildFile; fileRef = BA5B9B911CB4670A003EF1CA /* JSONArraySerialization.swift */; };
		BAA650651CB5AEAC006F561A /* JSONObjectSerialization.swift in Sources */ = {isa = PBXBuildFile; fileRef = BA5B9B971CB4670A003EF1CA /* JSONObjectSerialization.swift */; };
		BAA650661CB5AEAD006F561A /* JSONSerialization.swift in Sources */ = {isa = PBXBuildFile; fileRef = BA5B9B931CB4670A003EF1CA /* JSONSerialization.swift */; };
		BAA650671CB5AEAD006F561A /* JSONNullSerialization.swift in Sources */ = {isa = PBXBuildFile; fileRef = BA5B9B961CB4670A003EF1CA /* JSONNullSerialization.swift */; };
		BAA650681CB5AEAD006F561A /* JSONBoolSerialization.swift in Sources */ = {isa = PBXBuildFile; fileRef = BA5B9B921CB4670A003EF1CA /* JSONBoolSerialization.swift */; };
		BAA650691CB5AEAD006F561A /* JSONNumberSerialization.swift in Sources */ = {isa = PBXBuildFile; fileRef = BA5B9B951CB4670A003EF1CA /* JSONNumberSerialization.swift */; };
		BAA6506B1CB5AEAD006F561A /* JSONStringSerialization.swift in Sources */ = {isa = PBXBuildFile; fileRef = BA5B9B981CB4670A003EF1CA /* JSONStringSerialization.swift */; };
		BAA6506C1CB5AEAD006F561A /* JSONArraySerialization.swift in Sources */ = {isa = PBXBuildFile; fileRef = BA5B9B911CB4670A003EF1CA /* JSONArraySerialization.swift */; };
		BAA6506D1CB5AEAD006F561A /* JSONObjectSerialization.swift in Sources */ = {isa = PBXBuildFile; fileRef = BA5B9B971CB4670A003EF1CA /* JSONObjectSerialization.swift */; };
		BAA6506E1CB5AEB4006F561A /* JSONEncodable.swift in Sources */ = {isa = PBXBuildFile; fileRef = BA5B9BA31CB467B3003EF1CA /* JSONEncodable.swift */; };
		BAA6506F1CB5AEB5006F561A /* JSONEncodable.swift in Sources */ = {isa = PBXBuildFile; fileRef = BA5B9BA31CB467B3003EF1CA /* JSONEncodable.swift */; };
		BAA650701CB5AEB6006F561A /* JSONEncodable.swift in Sources */ = {isa = PBXBuildFile; fileRef = BA5B9BA31CB467B3003EF1CA /* JSONEncodable.swift */; };
		BAA650711CB5AEB7006F561A /* JSONEncodable.swift in Sources */ = {isa = PBXBuildFile; fileRef = BA5B9BA31CB467B3003EF1CA /* JSONEncodable.swift */; };
		BAA650721CB5AEBC006F561A /* JSONDecodable.swift in Sources */ = {isa = PBXBuildFile; fileRef = BA5B9BA51CB467BC003EF1CA /* JSONDecodable.swift */; };
		BAA650731CB5AEBD006F561A /* JSONDecodable.swift in Sources */ = {isa = PBXBuildFile; fileRef = BA5B9BA51CB467BC003EF1CA /* JSONDecodable.swift */; };
		BAA650741CB5AEBE006F561A /* JSONDecodable.swift in Sources */ = {isa = PBXBuildFile; fileRef = BA5B9BA51CB467BC003EF1CA /* JSONDecodable.swift */; };
		BAA650751CB5AEBE006F561A /* JSONDecodable.swift in Sources */ = {isa = PBXBuildFile; fileRef = BA5B9BA51CB467BC003EF1CA /* JSONDecodable.swift */; };
		BAF400031CB86406006A72AD /* JSON+Error.swift in Sources */ = {isa = PBXBuildFile; fileRef = BAF400021CB86406006A72AD /* JSON+Error.swift */; };
		BAF400041CB86406006A72AD /* JSON+Error.swift in Sources */ = {isa = PBXBuildFile; fileRef = BAF400021CB86406006A72AD /* JSON+Error.swift */; };
		BAF400051CB86406006A72AD /* JSON+Error.swift in Sources */ = {isa = PBXBuildFile; fileRef = BAF400021CB86406006A72AD /* JSON+Error.swift */; };
		BAF400061CB86406006A72AD /* JSON+Error.swift in Sources */ = {isa = PBXBuildFile; fileRef = BAF400021CB86406006A72AD /* JSON+Error.swift */; };
		BAF4000D1CB8FFF2006A72AD /* JSONDeserialization+Null.swift in Sources */ = {isa = PBXBuildFile; fileRef = BAF4000C1CB8FFF2006A72AD /* JSONDeserialization+Null.swift */; };
		BAF4000E1CB8FFF2006A72AD /* JSONDeserialization+Null.swift in Sources */ = {isa = PBXBuildFile; fileRef = BAF4000C1CB8FFF2006A72AD /* JSONDeserialization+Null.swift */; };
		BAF4000F1CB8FFF2006A72AD /* JSONDeserialization+Null.swift in Sources */ = {isa = PBXBuildFile; fileRef = BAF4000C1CB8FFF2006A72AD /* JSONDeserialization+Null.swift */; };
		BAF400101CB8FFF2006A72AD /* JSONDeserialization+Null.swift in Sources */ = {isa = PBXBuildFile; fileRef = BAF4000C1CB8FFF2006A72AD /* JSONDeserialization+Null.swift */; };
		BAF400121CB9435E006A72AD /* JSONDeserialization+Bool.swift in Sources */ = {isa = PBXBuildFile; fileRef = BAF400111CB9435E006A72AD /* JSONDeserialization+Bool.swift */; };
		BAF400131CB9435E006A72AD /* JSONDeserialization+Bool.swift in Sources */ = {isa = PBXBuildFile; fileRef = BAF400111CB9435E006A72AD /* JSONDeserialization+Bool.swift */; };
		BAF400141CB9435E006A72AD /* JSONDeserialization+Bool.swift in Sources */ = {isa = PBXBuildFile; fileRef = BAF400111CB9435E006A72AD /* JSONDeserialization+Bool.swift */; };
		BAF400151CB9435E006A72AD /* JSONDeserialization+Bool.swift in Sources */ = {isa = PBXBuildFile; fileRef = BAF400111CB9435E006A72AD /* JSONDeserialization+Bool.swift */; };
		BAF400171CB95B1F006A72AD /* JSONDeserialization+Number.swift in Sources */ = {isa = PBXBuildFile; fileRef = BAF400161CB95B1F006A72AD /* JSONDeserialization+Number.swift */; };
		BAF400181CB95B1F006A72AD /* JSONDeserialization+Number.swift in Sources */ = {isa = PBXBuildFile; fileRef = BAF400161CB95B1F006A72AD /* JSONDeserialization+Number.swift */; };
		BAF400191CB95B1F006A72AD /* JSONDeserialization+Number.swift in Sources */ = {isa = PBXBuildFile; fileRef = BAF400161CB95B1F006A72AD /* JSONDeserialization+Number.swift */; };
		BAF4001A1CB95B1F006A72AD /* JSONDeserialization+Number.swift in Sources */ = {isa = PBXBuildFile; fileRef = BAF400161CB95B1F006A72AD /* JSONDeserialization+Number.swift */; };
		BAF4001C1CB96D92006A72AD /* JSONDeserialization+String.swift in Sources */ = {isa = PBXBuildFile; fileRef = BAF4001B1CB96D92006A72AD /* JSONDeserialization+String.swift */; };
		BAF4001D1CB96D92006A72AD /* JSONDeserialization+String.swift in Sources */ = {isa = PBXBuildFile; fileRef = BAF4001B1CB96D92006A72AD /* JSONDeserialization+String.swift */; };
		BAF4001E1CB96D92006A72AD /* JSONDeserialization+String.swift in Sources */ = {isa = PBXBuildFile; fileRef = BAF4001B1CB96D92006A72AD /* JSONDeserialization+String.swift */; };
		BAF4001F1CB96D92006A72AD /* JSONDeserialization+String.swift in Sources */ = {isa = PBXBuildFile; fileRef = BAF4001B1CB96D92006A72AD /* JSONDeserialization+String.swift */; };
		BAF400211CB973A5006A72AD /* JSONDeserialization+Array.swift in Sources */ = {isa = PBXBuildFile; fileRef = BAF400201CB973A5006A72AD /* JSONDeserialization+Array.swift */; };
		BAF400221CB973A5006A72AD /* JSONDeserialization+Array.swift in Sources */ = {isa = PBXBuildFile; fileRef = BAF400201CB973A5006A72AD /* JSONDeserialization+Array.swift */; };
		BAF400231CB973A5006A72AD /* JSONDeserialization+Array.swift in Sources */ = {isa = PBXBuildFile; fileRef = BAF400201CB973A5006A72AD /* JSONDeserialization+Array.swift */; };
		BAF400241CB973A5006A72AD /* JSONDeserialization+Array.swift in Sources */ = {isa = PBXBuildFile; fileRef = BAF400201CB973A5006A72AD /* JSONDeserialization+Array.swift */; };
		BAF400261CB97550006A72AD /* JSONDeserialization+Object.swift in Sources */ = {isa = PBXBuildFile; fileRef = BAF400251CB97550006A72AD /* JSONDeserialization+Object.swift */; };
		BAF400271CB97550006A72AD /* JSONDeserialization+Object.swift in Sources */ = {isa = PBXBuildFile; fileRef = BAF400251CB97550006A72AD /* JSONDeserialization+Object.swift */; };
		BAF400281CB97550006A72AD /* JSONDeserialization+Object.swift in Sources */ = {isa = PBXBuildFile; fileRef = BAF400251CB97550006A72AD /* JSONDeserialization+Object.swift */; };
		BAF400291CB97550006A72AD /* JSONDeserialization+Object.swift in Sources */ = {isa = PBXBuildFile; fileRef = BAF400251CB97550006A72AD /* JSONDeserialization+Object.swift */; };
		BAF4002B1CB977BF006A72AD /* JSONDeserialization+Value.swift in Sources */ = {isa = PBXBuildFile; fileRef = BAF4002A1CB977BF006A72AD /* JSONDeserialization+Value.swift */; };
		BAF4002C1CB977BF006A72AD /* JSONDeserialization+Value.swift in Sources */ = {isa = PBXBuildFile; fileRef = BAF4002A1CB977BF006A72AD /* JSONDeserialization+Value.swift */; };
		BAF4002D1CB977BF006A72AD /* JSONDeserialization+Value.swift in Sources */ = {isa = PBXBuildFile; fileRef = BAF4002A1CB977BF006A72AD /* JSONDeserialization+Value.swift */; };
		BAF4002E1CB977BF006A72AD /* JSONDeserialization+Value.swift in Sources */ = {isa = PBXBuildFile; fileRef = BAF4002A1CB977BF006A72AD /* JSONDeserialization+Value.swift */; };
		BAF400301CB98A6E006A72AD /* MedeaTestDeserialization.swift in Sources */ = {isa = PBXBuildFile; fileRef = BAF4002F1CB98A6E006A72AD /* MedeaTestDeserialization.swift */; };
		BAF400311CB98A6E006A72AD /* MedeaTestDeserialization.swift in Sources */ = {isa = PBXBuildFile; fileRef = BAF4002F1CB98A6E006A72AD /* MedeaTestDeserialization.swift */; };
		BAF400321CB98A6E006A72AD /* MedeaTestDeserialization.swift in Sources */ = {isa = PBXBuildFile; fileRef = BAF4002F1CB98A6E006A72AD /* MedeaTestDeserialization.swift */; };
		BAF400391CB9BA61006A72AD /* json91K.json in Resources */ = {isa = PBXBuildFile; fileRef = BAF400341CB9BA1F006A72AD /* json91K.json */; };
		BAF4003F1CB9D5DD006A72AD /* json10K.json in Resources */ = {isa = PBXBuildFile; fileRef = BAF4003A1CB9D5BA006A72AD /* json10K.json */; };
		BAF400401CB9D5EC006A72AD /* json10K.json in Resources */ = {isa = PBXBuildFile; fileRef = BAF4003A1CB9D5BA006A72AD /* json10K.json */; };
		BAF400411CB9D5EC006A72AD /* json91K.json in Resources */ = {isa = PBXBuildFile; fileRef = BAF400341CB9BA1F006A72AD /* json91K.json */; };
		BAF400421CB9D5FB006A72AD /* json10K.json in Resources */ = {isa = PBXBuildFile; fileRef = BAF4003A1CB9D5BA006A72AD /* json10K.json */; };
		BAF400431CB9D5FB006A72AD /* json91K.json in Resources */ = {isa = PBXBuildFile; fileRef = BAF400341CB9BA1F006A72AD /* json91K.json */; };
		BAF400491CBA54F6006A72AD /* json11M.json in Resources */ = {isa = PBXBuildFile; fileRef = BAF400441CBA54B1006A72AD /* json11M.json */; };
		BAF4004A1CBA54F8006A72AD /* json11M.json in Resources */ = {isa = PBXBuildFile; fileRef = BAF400441CBA54B1006A72AD /* json11M.json */; };
		BAF4004B1CBA54F9006A72AD /* json11M.json in Resources */ = {isa = PBXBuildFile; fileRef = BAF400441CBA54B1006A72AD /* json11M.json */; };
		BAF400531CBAA875006A72AD /* JSONSerialization+Public.swift in Sources */ = {isa = PBXBuildFile; fileRef = BAF400521CBAA875006A72AD /* JSONSerialization+Public.swift */; };
		BAF400541CBAA875006A72AD /* JSONSerialization+Public.swift in Sources */ = {isa = PBXBuildFile; fileRef = BAF400521CBAA875006A72AD /* JSONSerialization+Public.swift */; };
		BAF400551CBAA875006A72AD /* JSONSerialization+Public.swift in Sources */ = {isa = PBXBuildFile; fileRef = BAF400521CBAA875006A72AD /* JSONSerialization+Public.swift */; };
		BAF400561CBAA875006A72AD /* JSONSerialization+Public.swift in Sources */ = {isa = PBXBuildFile; fileRef = BAF400521CBAA875006A72AD /* JSONSerialization+Public.swift */; };
		BAF400581CBAAC30006A72AD /* JSONDeserialization+Public.swift in Sources */ = {isa = PBXBuildFile; fileRef = BAF400571CBAAC30006A72AD /* JSONDeserialization+Public.swift */; };
		BAF400591CBAAC30006A72AD /* JSONDeserialization+Public.swift in Sources */ = {isa = PBXBuildFile; fileRef = BAF400571CBAAC30006A72AD /* JSONDeserialization+Public.swift */; };
		BAF4005A1CBAAC30006A72AD /* JSONDeserialization+Public.swift in Sources */ = {isa = PBXBuildFile; fileRef = BAF400571CBAAC30006A72AD /* JSONDeserialization+Public.swift */; };
		BAF4005B1CBAAC30006A72AD /* JSONDeserialization+Public.swift in Sources */ = {isa = PBXBuildFile; fileRef = BAF400571CBAAC30006A72AD /* JSONDeserialization+Public.swift */; };
		BAF4005D1CBAB117006A72AD /* MedeaTestScanner.swift in Sources */ = {isa = PBXBuildFile; fileRef = BAF4005C1CBAB117006A72AD /* MedeaTestScanner.swift */; };
		BAF4005E1CBAB117006A72AD /* MedeaTestScanner.swift in Sources */ = {isa = PBXBuildFile; fileRef = BAF4005C1CBAB117006A72AD /* MedeaTestScanner.swift */; };
		BAF4005F1CBAB117006A72AD /* MedeaTestScanner.swift in Sources */ = {isa = PBXBuildFile; fileRef = BAF4005C1CBAB117006A72AD /* MedeaTestScanner.swift */; };
		BAF400621CBBF6FC006A72AD /* RingBuffer.swift in Sources */ = {isa = PBXBuildFile; fileRef = BAF400611CBBF6FC006A72AD /* RingBuffer.swift */; };
		BAF400631CBBF6FC006A72AD /* RingBuffer.swift in Sources */ = {isa = PBXBuildFile; fileRef = BAF400611CBBF6FC006A72AD /* RingBuffer.swift */; };
		BAF400641CBBF6FC006A72AD /* RingBuffer.swift in Sources */ = {isa = PBXBuildFile; fileRef = BAF400611CBBF6FC006A72AD /* RingBuffer.swift */; };
		BAF400651CBBF6FC006A72AD /* RingBuffer.swift in Sources */ = {isa = PBXBuildFile; fileRef = BAF400611CBBF6FC006A72AD /* RingBuffer.swift */; };
		BAF400681CBC6AE9006A72AD /* MedeaTestRingBuffer.swift in Sources */ = {isa = PBXBuildFile; fileRef = BAF400671CBC6AE9006A72AD /* MedeaTestRingBuffer.swift */; };
		BAF400691CBC6AE9006A72AD /* MedeaTestRingBuffer.swift in Sources */ = {isa = PBXBuildFile; fileRef = BAF400671CBC6AE9006A72AD /* MedeaTestRingBuffer.swift */; };
		BAF4006A1CBC6AE9006A72AD /* MedeaTestRingBuffer.swift in Sources */ = {isa = PBXBuildFile; fileRef = BAF400671CBC6AE9006A72AD /* MedeaTestRingBuffer.swift */; };
/* End PBXBuildFile section */

/* Begin PBXContainerItemProxy section */
		BA5FC11E1CB5799700FBCB84 /* PBXContainerItemProxy */ = {
			isa = PBXContainerItemProxy;
			containerPortal = BAF809211CB38E000055F146 /* Project object */;
			proxyType = 1;
			remoteGlobalIDString = BA5FC1121CB5799700FBCB84;
			remoteInfo = "Medea-OSX";
		};
		BA5FC13A1CB57CFE00FBCB84 /* PBXContainerItemProxy */ = {
			isa = PBXContainerItemProxy;
			containerPortal = BAF809211CB38E000055F146 /* Project object */;
			proxyType = 1;
			remoteGlobalIDString = BA5FC12E1CB57CFE00FBCB84;
			remoteInfo = Medea_iOS;
		};
		BA5FC1701CB5952500FBCB84 /* PBXContainerItemProxy */ = {
			isa = PBXContainerItemProxy;
			containerPortal = BAF809211CB38E000055F146 /* Project object */;
			proxyType = 1;
			remoteGlobalIDString = BA5FC1641CB5952500FBCB84;
			remoteInfo = Medea_tvOS;
		};
/* End PBXContainerItemProxy section */

/* Begin PBXFileReference section */
		BA5AC3841CBD421000EB2C06 /* playground01.playground */ = {isa = PBXFileReference; lastKnownFileType = file.playground; name = playground01.playground; path = Playgrounds/playground01.playground; sourceTree = "<group>"; };
		BA5B21A01CC02D4700654A6C /* StringUnicodeScalarView.swift */ = {isa = PBXFileReference; fileEncoding = 4; lastKnownFileType = sourcecode.swift; name = StringUnicodeScalarView.swift; path = Sources/StringUnicodeScalarView.swift; sourceTree = "<group>"; };
		BA5B9B6F1CB46249003EF1CA /* JSON.swift */ = {isa = PBXFileReference; fileEncoding = 4; lastKnownFileType = sourcecode.swift; name = JSON.swift; path = Sources/JSON.swift; sourceTree = "<group>"; };
		BA5B9B701CB46249003EF1CA /* JSON+Accessor.swift */ = {isa = PBXFileReference; fileEncoding = 4; lastKnownFileType = sourcecode.swift; name = "JSON+Accessor.swift"; path = "Sources/JSON+Accessor.swift"; sourceTree = "<group>"; };
		BA5B9B711CB46249003EF1CA /* JSON+Initializer.swift */ = {isa = PBXFileReference; fileEncoding = 4; lastKnownFileType = sourcecode.swift; name = "JSON+Initializer.swift"; path = "Sources/JSON+Initializer.swift"; sourceTree = "<group>"; };
		BA5B9B721CB46249003EF1CA /* JSON+LiteralConvertible.swift */ = {isa = PBXFileReference; fileEncoding = 4; lastKnownFileType = sourcecode.swift; name = "JSON+LiteralConvertible.swift"; path = "Sources/JSON+LiteralConvertible.swift"; sourceTree = "<group>"; };
		BA5B9B781CB46371003EF1CA /* JSON+Constant.swift */ = {isa = PBXFileReference; fileEncoding = 4; lastKnownFileType = sourcecode.swift; name = "JSON+Constant.swift"; path = "Sources/JSON+Constant.swift"; sourceTree = "<group>"; };
		BA5B9B7B1CB465AB003EF1CA /* Scanner.swift */ = {isa = PBXFileReference; fileEncoding = 4; lastKnownFileType = sourcecode.swift; name = Scanner.swift; path = Sources/Scanner.swift; sourceTree = "<group>"; };
		BA5B9B7C1CB465AB003EF1CA /* Set+PatternMatch.swift */ = {isa = PBXFileReference; fileEncoding = 4; lastKnownFileType = sourcecode.swift; name = "Set+PatternMatch.swift"; path = "Sources/Set+PatternMatch.swift"; sourceTree = "<group>"; };
		BA5B9B851CB4664F003EF1CA /* JSONDeserialization.swift */ = {isa = PBXFileReference; fileEncoding = 4; lastKnownFileType = sourcecode.swift; name = JSONDeserialization.swift; path = Sources/JSONDeserialization.swift; sourceTree = "<group>"; };
		BA5B9B911CB4670A003EF1CA /* JSONArraySerialization.swift */ = {isa = PBXFileReference; fileEncoding = 4; lastKnownFileType = sourcecode.swift; name = JSONArraySerialization.swift; path = Sources/JSONArraySerialization.swift; sourceTree = "<group>"; };
		BA5B9B921CB4670A003EF1CA /* JSONBoolSerialization.swift */ = {isa = PBXFileReference; fileEncoding = 4; lastKnownFileType = sourcecode.swift; name = JSONBoolSerialization.swift; path = Sources/JSONBoolSerialization.swift; sourceTree = "<group>"; };
		BA5B9B931CB4670A003EF1CA /* JSONSerialization.swift */ = {isa = PBXFileReference; fileEncoding = 4; lastKnownFileType = sourcecode.swift; name = JSONSerialization.swift; path = Sources/JSONSerialization.swift; sourceTree = "<group>"; };
		BA5B9B951CB4670A003EF1CA /* JSONNumberSerialization.swift */ = {isa = PBXFileReference; fileEncoding = 4; lastKnownFileType = sourcecode.swift; name = JSONNumberSerialization.swift; path = Sources/JSONNumberSerialization.swift; sourceTree = "<group>"; };
		BA5B9B961CB4670A003EF1CA /* JSONNullSerialization.swift */ = {isa = PBXFileReference; fileEncoding = 4; lastKnownFileType = sourcecode.swift; name = JSONNullSerialization.swift; path = Sources/JSONNullSerialization.swift; sourceTree = "<group>"; };
		BA5B9B971CB4670A003EF1CA /* JSONObjectSerialization.swift */ = {isa = PBXFileReference; fileEncoding = 4; lastKnownFileType = sourcecode.swift; name = JSONObjectSerialization.swift; path = Sources/JSONObjectSerialization.swift; sourceTree = "<group>"; };
		BA5B9B981CB4670A003EF1CA /* JSONStringSerialization.swift */ = {isa = PBXFileReference; fileEncoding = 4; lastKnownFileType = sourcecode.swift; name = JSONStringSerialization.swift; path = Sources/JSONStringSerialization.swift; sourceTree = "<group>"; };
		BA5B9BA31CB467B3003EF1CA /* JSONEncodable.swift */ = {isa = PBXFileReference; fileEncoding = 4; lastKnownFileType = sourcecode.swift; name = JSONEncodable.swift; path = Sources/JSONEncodable.swift; sourceTree = "<group>"; };
		BA5B9BA51CB467BC003EF1CA /* JSONDecodable.swift */ = {isa = PBXFileReference; fileEncoding = 4; lastKnownFileType = sourcecode.swift; name = JSONDecodable.swift; path = Sources/JSONDecodable.swift; sourceTree = "<group>"; };
		BA5FC1131CB5799700FBCB84 /* Medea.framework */ = {isa = PBXFileReference; explicitFileType = wrapper.framework; includeInIndex = 0; path = Medea.framework; sourceTree = BUILT_PRODUCTS_DIR; };
		BA5FC1151CB5799700FBCB84 /* Medea_OSX.h */ = {isa = PBXFileReference; lastKnownFileType = sourcecode.c.h; name = Medea_OSX.h; path = Sources/Medea_OSX.h; sourceTree = "<group>"; };
		BA5FC1171CB5799700FBCB84 /* Info_OSX.plist */ = {isa = PBXFileReference; lastKnownFileType = text.plist.xml; name = Info_OSX.plist; path = Support/Info_OSX.plist; sourceTree = "<group>"; };
		BA5FC11C1CB5799700FBCB84 /* Medea_OSXTests.xctest */ = {isa = PBXFileReference; explicitFileType = wrapper.cfbundle; includeInIndex = 0; path = Medea_OSXTests.xctest; sourceTree = BUILT_PRODUCTS_DIR; };
		BA5FC1231CB5799700FBCB84 /* Info_OSXTests.plist */ = {isa = PBXFileReference; lastKnownFileType = text.plist.xml; name = Info_OSXTests.plist; path = Tests/Support/Info_OSXTests.plist; sourceTree = "<group>"; };
		BA5FC12F1CB57CFE00FBCB84 /* Medea.framework */ = {isa = PBXFileReference; explicitFileType = wrapper.framework; includeInIndex = 0; path = Medea.framework; sourceTree = BUILT_PRODUCTS_DIR; };
		BA5FC1311CB57CFE00FBCB84 /* Medea_iOS.h */ = {isa = PBXFileReference; lastKnownFileType = sourcecode.c.h; name = Medea_iOS.h; path = Sources/Medea_iOS.h; sourceTree = "<group>"; };
		BA5FC1331CB57CFE00FBCB84 /* Info_iOS.plist */ = {isa = PBXFileReference; lastKnownFileType = text.plist.xml; name = Info_iOS.plist; path = Support/Info_iOS.plist; sourceTree = "<group>"; };
		BA5FC1381CB57CFE00FBCB84 /* Medea_iOSTests.xctest */ = {isa = PBXFileReference; explicitFileType = wrapper.cfbundle; includeInIndex = 0; path = Medea_iOSTests.xctest; sourceTree = BUILT_PRODUCTS_DIR; };
		BA5FC13F1CB57CFE00FBCB84 /* Info_iOSTests.plist */ = {isa = PBXFileReference; lastKnownFileType = text.plist.xml; name = Info_iOSTests.plist; path = Tests/Support/Info_iOSTests.plist; sourceTree = "<group>"; };
		BA5FC1651CB5952500FBCB84 /* Medea.framework */ = {isa = PBXFileReference; explicitFileType = wrapper.framework; includeInIndex = 0; path = Medea.framework; sourceTree = BUILT_PRODUCTS_DIR; };
		BA5FC1671CB5952500FBCB84 /* Medea_tvOS.h */ = {isa = PBXFileReference; lastKnownFileType = sourcecode.c.h; name = Medea_tvOS.h; path = Sources/Medea_tvOS.h; sourceTree = "<group>"; };
		BA5FC1691CB5952500FBCB84 /* Info-tvOS.plist */ = {isa = PBXFileReference; lastKnownFileType = text.plist.xml; name = "Info-tvOS.plist"; path = "Support/Info-tvOS.plist"; sourceTree = "<group>"; };
		BA5FC16E1CB5952500FBCB84 /* Medea_tvOSTests.xctest */ = {isa = PBXFileReference; explicitFileType = wrapper.cfbundle; includeInIndex = 0; path = Medea_tvOSTests.xctest; sourceTree = BUILT_PRODUCTS_DIR; };
		BA5FC1751CB5952500FBCB84 /* Info_tvOSTests.plist */ = {isa = PBXFileReference; lastKnownFileType = text.plist.xml; name = Info_tvOSTests.plist; path = Tests/Support/Info_tvOSTests.plist; sourceTree = "<group>"; };
		BA6306FD1CC0BCC5000D98EA /* MedeaTestSerialization.swift */ = {isa = PBXFileReference; fileEncoding = 4; lastKnownFileType = sourcecode.swift; name = MedeaTestSerialization.swift; path = Tests/Medea/MedeaTestSerialization.swift; sourceTree = "<group>"; };
		BA6AC9D41CB6A09D00D301DD /* Package.swift */ = {isa = PBXFileReference; fileEncoding = 4; lastKnownFileType = sourcecode.swift; path = Package.swift; sourceTree = "<group>"; };
		BA6AC9DB1CB6DBCE00D301DD /* JSON+Foundation.swift */ = {isa = PBXFileReference; fileEncoding = 4; lastKnownFileType = sourcecode.swift; name = "JSON+Foundation.swift"; path = "Sources/JSON+Foundation.swift"; sourceTree = "<group>"; };
		BA6EDC691CBEC87700B0CC93 /* main.swift */ = {isa = PBXFileReference; fileEncoding = 4; lastKnownFileType = sourcecode.swift; name = main.swift; path = Tests/main.swift; sourceTree = "<group>"; };
		BAA6500A1CB599E8006F561A /* Medea.framework */ = {isa = PBXFileReference; explicitFileType = wrapper.framework; includeInIndex = 0; path = Medea.framework; sourceTree = BUILT_PRODUCTS_DIR; };
		BAA6500C1CB599E8006F561A /* Medea_watchOS.h */ = {isa = PBXFileReference; lastKnownFileType = sourcecode.c.h; name = Medea_watchOS.h; path = Sources/Medea_watchOS.h; sourceTree = "<group>"; };
		BAA6500E1CB599E8006F561A /* Info-watchOS.plist */ = {isa = PBXFileReference; lastKnownFileType = text.plist.xml; name = "Info-watchOS.plist"; path = "Support/Info-watchOS.plist"; sourceTree = "<group>"; };
		BAF400021CB86406006A72AD /* JSON+Error.swift */ = {isa = PBXFileReference; fileEncoding = 4; lastKnownFileType = sourcecode.swift; name = "JSON+Error.swift"; path = "Sources/JSON+Error.swift"; sourceTree = "<group>"; };
		BAF4000C1CB8FFF2006A72AD /* JSONDeserialization+Null.swift */ = {isa = PBXFileReference; fileEncoding = 4; lastKnownFileType = sourcecode.swift; name = "JSONDeserialization+Null.swift"; path = "Sources/JSONDeserialization+Null.swift"; sourceTree = "<group>"; };
		BAF400111CB9435E006A72AD /* JSONDeserialization+Bool.swift */ = {isa = PBXFileReference; fileEncoding = 4; lastKnownFileType = sourcecode.swift; name = "JSONDeserialization+Bool.swift"; path = "Sources/JSONDeserialization+Bool.swift"; sourceTree = "<group>"; };
		BAF400161CB95B1F006A72AD /* JSONDeserialization+Number.swift */ = {isa = PBXFileReference; fileEncoding = 4; lastKnownFileType = sourcecode.swift; name = "JSONDeserialization+Number.swift"; path = "Sources/JSONDeserialization+Number.swift"; sourceTree = "<group>"; };
		BAF4001B1CB96D92006A72AD /* JSONDeserialization+String.swift */ = {isa = PBXFileReference; fileEncoding = 4; lastKnownFileType = sourcecode.swift; name = "JSONDeserialization+String.swift"; path = "Sources/JSONDeserialization+String.swift"; sourceTree = "<group>"; };
		BAF400201CB973A5006A72AD /* JSONDeserialization+Array.swift */ = {isa = PBXFileReference; fileEncoding = 4; lastKnownFileType = sourcecode.swift; name = "JSONDeserialization+Array.swift"; path = "Sources/JSONDeserialization+Array.swift"; sourceTree = "<group>"; };
		BAF400251CB97550006A72AD /* JSONDeserialization+Object.swift */ = {isa = PBXFileReference; fileEncoding = 4; lastKnownFileType = sourcecode.swift; name = "JSONDeserialization+Object.swift"; path = "Sources/JSONDeserialization+Object.swift"; sourceTree = "<group>"; };
		BAF4002A1CB977BF006A72AD /* JSONDeserialization+Value.swift */ = {isa = PBXFileReference; fileEncoding = 4; lastKnownFileType = sourcecode.swift; name = "JSONDeserialization+Value.swift"; path = "Sources/JSONDeserialization+Value.swift"; sourceTree = "<group>"; };
		BAF4002F1CB98A6E006A72AD /* MedeaTestDeserialization.swift */ = {isa = PBXFileReference; fileEncoding = 4; lastKnownFileType = sourcecode.swift; name = MedeaTestDeserialization.swift; path = Tests/Medea/MedeaTestDeserialization.swift; sourceTree = "<group>"; };
		BAF400341CB9BA1F006A72AD /* json91K.json */ = {isa = PBXFileReference; fileEncoding = 4; lastKnownFileType = text.json; name = json91K.json; path = Tests/Resources/json91K.json; sourceTree = "<group>"; };
		BAF4003A1CB9D5BA006A72AD /* json10K.json */ = {isa = PBXFileReference; fileEncoding = 4; lastKnownFileType = text.json; name = json10K.json; path = Tests/Resources/json10K.json; sourceTree = "<group>"; };
		BAF400441CBA54B1006A72AD /* json11M.json */ = {isa = PBXFileReference; fileEncoding = 4; lastKnownFileType = text.json; name = json11M.json; path = Tests/Resources/json11M.json; sourceTree = "<group>"; };
		BAF400521CBAA875006A72AD /* JSONSerialization+Public.swift */ = {isa = PBXFileReference; fileEncoding = 4; lastKnownFileType = sourcecode.swift; name = "JSONSerialization+Public.swift"; path = "Sources/JSONSerialization+Public.swift"; sourceTree = "<group>"; };
		BAF400571CBAAC30006A72AD /* JSONDeserialization+Public.swift */ = {isa = PBXFileReference; fileEncoding = 4; lastKnownFileType = sourcecode.swift; name = "JSONDeserialization+Public.swift"; path = "Sources/JSONDeserialization+Public.swift"; sourceTree = "<group>"; };
		BAF4005C1CBAB117006A72AD /* MedeaTestScanner.swift */ = {isa = PBXFileReference; fileEncoding = 4; lastKnownFileType = sourcecode.swift; name = MedeaTestScanner.swift; path = Tests/Medea/MedeaTestScanner.swift; sourceTree = "<group>"; };
		BAF400611CBBF6FC006A72AD /* RingBuffer.swift */ = {isa = PBXFileReference; fileEncoding = 4; lastKnownFileType = sourcecode.swift; name = RingBuffer.swift; path = Sources/RingBuffer.swift; sourceTree = "<group>"; };
		BAF400671CBC6AE9006A72AD /* MedeaTestRingBuffer.swift */ = {isa = PBXFileReference; fileEncoding = 4; lastKnownFileType = sourcecode.swift; name = MedeaTestRingBuffer.swift; path = Tests/Medea/MedeaTestRingBuffer.swift; sourceTree = "<group>"; };
/* End PBXFileReference section */

/* Begin PBXFrameworksBuildPhase section */
		BA5FC10F1CB5799700FBCB84 /* Frameworks */ = {
			isa = PBXFrameworksBuildPhase;
			buildActionMask = 2147483647;
			files = (
			);
			runOnlyForDeploymentPostprocessing = 0;
		};
		BA5FC1191CB5799700FBCB84 /* Frameworks */ = {
			isa = PBXFrameworksBuildPhase;
			buildActionMask = 2147483647;
			files = (
				BA5FC11D1CB5799700FBCB84 /* Medea.framework in Frameworks */,
			);
			runOnlyForDeploymentPostprocessing = 0;
		};
		BA5FC12B1CB57CFE00FBCB84 /* Frameworks */ = {
			isa = PBXFrameworksBuildPhase;
			buildActionMask = 2147483647;
			files = (
			);
			runOnlyForDeploymentPostprocessing = 0;
		};
		BA5FC1351CB57CFE00FBCB84 /* Frameworks */ = {
			isa = PBXFrameworksBuildPhase;
			buildActionMask = 2147483647;
			files = (
				BA5FC1391CB57CFE00FBCB84 /* Medea.framework in Frameworks */,
			);
			runOnlyForDeploymentPostprocessing = 0;
		};
		BA5FC1611CB5952500FBCB84 /* Frameworks */ = {
			isa = PBXFrameworksBuildPhase;
			buildActionMask = 2147483647;
			files = (
			);
			runOnlyForDeploymentPostprocessing = 0;
		};
		BA5FC16B1CB5952500FBCB84 /* Frameworks */ = {
			isa = PBXFrameworksBuildPhase;
			buildActionMask = 2147483647;
			files = (
				BA5FC16F1CB5952500FBCB84 /* Medea.framework in Frameworks */,
			);
			runOnlyForDeploymentPostprocessing = 0;
		};
		BAA650061CB599E8006F561A /* Frameworks */ = {
			isa = PBXFrameworksBuildPhase;
			buildActionMask = 2147483647;
			files = (
			);
			runOnlyForDeploymentPostprocessing = 0;
		};
/* End PBXFrameworksBuildPhase section */

/* Begin PBXGroup section */
		BA5AC3831CBD41A600EB2C06 /* Playgrounds */ = {
			isa = PBXGroup;
			children = (
				BA5AC3841CBD421000EB2C06 /* playground01.playground */,
			);
			name = Playgrounds;
			sourceTree = "<group>";
		};
		BA5B9B681CB42EE9003EF1CA /* Support */ = {
			isa = PBXGroup;
			children = (
				BA5FC1171CB5799700FBCB84 /* Info_OSX.plist */,
				BA5FC1331CB57CFE00FBCB84 /* Info_iOS.plist */,
				BA5FC1691CB5952500FBCB84 /* Info-tvOS.plist */,
				BAA6500E1CB599E8006F561A /* Info-watchOS.plist */,
			);
			name = Support;
			sourceTree = "<group>";
		};
		BA5B9B6D1CB45012003EF1CA /* Sources */ = {
			isa = PBXGroup;
			children = (
				BA5B9B6E1CB45025003EF1CA /* Headers */,
				BA5B9B771CB4624E003EF1CA /* Core */,
				BAF400601CBBF6C3006A72AD /* Helpers */,
				BA5B9B7F1CB46612003EF1CA /* Deserialization */,
				BA5B9B901CB466E0003EF1CA /* Serialization */,
				BA5B9BA11CB46786003EF1CA /* Encoding */,
			);
			name = Sources;
			sourceTree = "<group>";
		};
		BA5B9B6E1CB45025003EF1CA /* Headers */ = {
			isa = PBXGroup;
			children = (
				BA5FC1151CB5799700FBCB84 /* Medea_OSX.h */,
				BA5FC1311CB57CFE00FBCB84 /* Medea_iOS.h */,
				BA5FC1671CB5952500FBCB84 /* Medea_tvOS.h */,
				BAA6500C1CB599E8006F561A /* Medea_watchOS.h */,
			);
			name = Headers;
			sourceTree = "<group>";
		};
		BA5B9B771CB4624E003EF1CA /* Core */ = {
			isa = PBXGroup;
			children = (
				BA5B9B6F1CB46249003EF1CA /* JSON.swift */,
				BAF400021CB86406006A72AD /* JSON+Error.swift */,
				BA5B9B781CB46371003EF1CA /* JSON+Constant.swift */,
				BA5B9B701CB46249003EF1CA /* JSON+Accessor.swift */,
				BA5B9B711CB46249003EF1CA /* JSON+Initializer.swift */,
				BA5B9B721CB46249003EF1CA /* JSON+LiteralConvertible.swift */,
				BA6AC9DB1CB6DBCE00D301DD /* JSON+Foundation.swift */,
			);
			name = Core;
			sourceTree = "<group>";
		};
		BA5B9B7F1CB46612003EF1CA /* Deserialization */ = {
			isa = PBXGroup;
			children = (
				BAF400571CBAAC30006A72AD /* JSONDeserialization+Public.swift */,
				BA5B9B851CB4664F003EF1CA /* JSONDeserialization.swift */,
				BAF4000C1CB8FFF2006A72AD /* JSONDeserialization+Null.swift */,
				BAF400111CB9435E006A72AD /* JSONDeserialization+Bool.swift */,
				BAF400161CB95B1F006A72AD /* JSONDeserialization+Number.swift */,
				BAF4001B1CB96D92006A72AD /* JSONDeserialization+String.swift */,
				BAF400201CB973A5006A72AD /* JSONDeserialization+Array.swift */,
				BAF400251CB97550006A72AD /* JSONDeserialization+Object.swift */,
				BAF4002A1CB977BF006A72AD /* JSONDeserialization+Value.swift */,
			);
			name = Deserialization;
			sourceTree = "<group>";
		};
		BA5B9B901CB466E0003EF1CA /* Serialization */ = {
			isa = PBXGroup;
			children = (
				BAF400521CBAA875006A72AD /* JSONSerialization+Public.swift */,
				BA5B9B931CB4670A003EF1CA /* JSONSerialization.swift */,
				BA5B9B961CB4670A003EF1CA /* JSONNullSerialization.swift */,
				BA5B9B921CB4670A003EF1CA /* JSONBoolSerialization.swift */,
				BA5B9B951CB4670A003EF1CA /* JSONNumberSerialization.swift */,
				BA5B9B981CB4670A003EF1CA /* JSONStringSerialization.swift */,
				BA5B9B911CB4670A003EF1CA /* JSONArraySerialization.swift */,
				BA5B9B971CB4670A003EF1CA /* JSONObjectSerialization.swift */,
			);
			name = Serialization;
			sourceTree = "<group>";
		};
		BA5B9BA11CB46786003EF1CA /* Encoding */ = {
			isa = PBXGroup;
			children = (
				BA5B9BA31CB467B3003EF1CA /* JSONEncodable.swift */,
				BA5B9BA51CB467BC003EF1CA /* JSONDecodable.swift */,
			);
			name = Encoding;
			sourceTree = "<group>";
		};
		BA5B9BC31CB4DDF3003EF1CA /* Tests */ = {
			isa = PBXGroup;
			children = (
				BA5B9BC61CB4DE39003EF1CA /* Support */,
				BAF400331CB9B949006A72AD /* Resources */,
				BA6EDC641CBEC80E00B0CC93 /* Medea */,
				BA6EDC691CBEC87700B0CC93 /* main.swift */,
			);
			name = Tests;
			sourceTree = "<group>";
		};
		BA5B9BC61CB4DE39003EF1CA /* Support */ = {
			isa = PBXGroup;
			children = (
				BA5FC1231CB5799700FBCB84 /* Info_OSXTests.plist */,
				BA5FC13F1CB57CFE00FBCB84 /* Info_iOSTests.plist */,
				BA5FC1751CB5952500FBCB84 /* Info_tvOSTests.plist */,
			);
			name = Support;
			sourceTree = "<group>";
		};
		BA6EDC641CBEC80E00B0CC93 /* Medea */ = {
			isa = PBXGroup;
			children = (
				BAF400671CBC6AE9006A72AD /* MedeaTestRingBuffer.swift */,
				BAF4005C1CBAB117006A72AD /* MedeaTestScanner.swift */,
				BAF4002F1CB98A6E006A72AD /* MedeaTestDeserialization.swift */,
				BA6306FD1CC0BCC5000D98EA /* MedeaTestSerialization.swift */,
			);
			name = Medea;
			sourceTree = "<group>";
		};
		BAF400331CB9B949006A72AD /* Resources */ = {
			isa = PBXGroup;
			children = (
				BAF4003A1CB9D5BA006A72AD /* json10K.json */,
				BAF400341CB9BA1F006A72AD /* json91K.json */,
				BAF400441CBA54B1006A72AD /* json11M.json */,
			);
			name = Resources;
			sourceTree = "<group>";
		};
		BAF400601CBBF6C3006A72AD /* Helpers */ = {
			isa = PBXGroup;
			children = (
				BA5B9B7C1CB465AB003EF1CA /* Set+PatternMatch.swift */,
				BA5B9B7B1CB465AB003EF1CA /* Scanner.swift */,
				BAF400611CBBF6FC006A72AD /* RingBuffer.swift */,
				BA5B21A01CC02D4700654A6C /* StringUnicodeScalarView.swift */,
			);
			name = Helpers;
			sourceTree = "<group>";
		};
		BAF809201CB38E000055F146 = {
			isa = PBXGroup;
			children = (
				BA5B9B681CB42EE9003EF1CA /* Support */,
				BA5B9B6D1CB45012003EF1CA /* Sources */,
				BA5AC3831CBD41A600EB2C06 /* Playgrounds */,
				BA5B9BC31CB4DDF3003EF1CA /* Tests */,
				BAF8092B1CB38E000055F146 /* Products */,
				BA6AC9D41CB6A09D00D301DD /* Package.swift */,
			);
			sourceTree = "<group>";
		};
		BAF8092B1CB38E000055F146 /* Products */ = {
			isa = PBXGroup;
			children = (
				BA5FC1131CB5799700FBCB84 /* Medea.framework */,
				BA5FC11C1CB5799700FBCB84 /* Medea_OSXTests.xctest */,
				BA5FC12F1CB57CFE00FBCB84 /* Medea.framework */,
				BA5FC1381CB57CFE00FBCB84 /* Medea_iOSTests.xctest */,
				BA5FC1651CB5952500FBCB84 /* Medea.framework */,
				BA5FC16E1CB5952500FBCB84 /* Medea_tvOSTests.xctest */,
				BAA6500A1CB599E8006F561A /* Medea.framework */,
			);
			name = Products;
			sourceTree = "<group>";
		};
/* End PBXGroup section */

/* Begin PBXHeadersBuildPhase section */
		BA5FC1101CB5799700FBCB84 /* Headers */ = {
			isa = PBXHeadersBuildPhase;
			buildActionMask = 2147483647;
			files = (
				BA5FC1161CB5799700FBCB84 /* Medea_OSX.h in Headers */,
			);
			runOnlyForDeploymentPostprocessing = 0;
		};
		BA5FC12C1CB57CFE00FBCB84 /* Headers */ = {
			isa = PBXHeadersBuildPhase;
			buildActionMask = 2147483647;
			files = (
				BA5FC1321CB57CFE00FBCB84 /* Medea_iOS.h in Headers */,
			);
			runOnlyForDeploymentPostprocessing = 0;
		};
		BA5FC1621CB5952500FBCB84 /* Headers */ = {
			isa = PBXHeadersBuildPhase;
			buildActionMask = 2147483647;
			files = (
				BA5FC1681CB5952500FBCB84 /* Medea_tvOS.h in Headers */,
			);
			runOnlyForDeploymentPostprocessing = 0;
		};
		BAA650071CB599E8006F561A /* Headers */ = {
			isa = PBXHeadersBuildPhase;
			buildActionMask = 2147483647;
			files = (
				BAA6500D1CB599E8006F561A /* Medea_watchOS.h in Headers */,
			);
			runOnlyForDeploymentPostprocessing = 0;
		};
/* End PBXHeadersBuildPhase section */

/* Begin PBXNativeTarget section */
		BA5FC1121CB5799700FBCB84 /* Medea_OSX */ = {
			isa = PBXNativeTarget;
			buildConfigurationList = BA5FC1241CB5799700FBCB84 /* Build configuration list for PBXNativeTarget "Medea_OSX" */;
			buildPhases = (
				BA5FC10E1CB5799700FBCB84 /* Sources */,
				BA5FC10F1CB5799700FBCB84 /* Frameworks */,
				BA5FC1101CB5799700FBCB84 /* Headers */,
				BA5FC1111CB5799700FBCB84 /* Resources */,
			);
			buildRules = (
			);
			dependencies = (
			);
			name = Medea_OSX;
			productName = "Medea-OSX";
			productReference = BA5FC1131CB5799700FBCB84 /* Medea.framework */;
			productType = "com.apple.product-type.framework";
		};
		BA5FC11B1CB5799700FBCB84 /* Medea_OSXTests */ = {
			isa = PBXNativeTarget;
			buildConfigurationList = BA5FC1271CB5799700FBCB84 /* Build configuration list for PBXNativeTarget "Medea_OSXTests" */;
			buildPhases = (
				BA5FC1181CB5799700FBCB84 /* Sources */,
				BA5FC1191CB5799700FBCB84 /* Frameworks */,
				BA5FC11A1CB5799700FBCB84 /* Resources */,
			);
			buildRules = (
			);
			dependencies = (
				BA5FC11F1CB5799700FBCB84 /* PBXTargetDependency */,
			);
			name = Medea_OSXTests;
			productName = "Medea-OSXTests";
			productReference = BA5FC11C1CB5799700FBCB84 /* Medea_OSXTests.xctest */;
			productType = "com.apple.product-type.bundle.unit-test";
		};
		BA5FC12E1CB57CFE00FBCB84 /* Medea_iOS */ = {
			isa = PBXNativeTarget;
			buildConfigurationList = BA5FC1401CB57CFE00FBCB84 /* Build configuration list for PBXNativeTarget "Medea_iOS" */;
			buildPhases = (
				BA5FC12A1CB57CFE00FBCB84 /* Sources */,
				BA5FC12B1CB57CFE00FBCB84 /* Frameworks */,
				BA5FC12C1CB57CFE00FBCB84 /* Headers */,
				BA5FC12D1CB57CFE00FBCB84 /* Resources */,
			);
			buildRules = (
			);
			dependencies = (
			);
			name = Medea_iOS;
			productName = Medea_iOS;
			productReference = BA5FC12F1CB57CFE00FBCB84 /* Medea.framework */;
			productType = "com.apple.product-type.framework";
		};
		BA5FC1371CB57CFE00FBCB84 /* Medea_iOSTests */ = {
			isa = PBXNativeTarget;
			buildConfigurationList = BA5FC1431CB57CFE00FBCB84 /* Build configuration list for PBXNativeTarget "Medea_iOSTests" */;
			buildPhases = (
				BA5FC1341CB57CFE00FBCB84 /* Sources */,
				BA5FC1351CB57CFE00FBCB84 /* Frameworks */,
				BA5FC1361CB57CFE00FBCB84 /* Resources */,
			);
			buildRules = (
			);
			dependencies = (
				BA5FC13B1CB57CFE00FBCB84 /* PBXTargetDependency */,
			);
			name = Medea_iOSTests;
			productName = Medea_iOSTests;
			productReference = BA5FC1381CB57CFE00FBCB84 /* Medea_iOSTests.xctest */;
			productType = "com.apple.product-type.bundle.unit-test";
		};
		BA5FC1641CB5952500FBCB84 /* Medea_tvOS */ = {
			isa = PBXNativeTarget;
			buildConfigurationList = BA5FC1761CB5952500FBCB84 /* Build configuration list for PBXNativeTarget "Medea_tvOS" */;
			buildPhases = (
				BA5FC1601CB5952500FBCB84 /* Sources */,
				BA5FC1611CB5952500FBCB84 /* Frameworks */,
				BA5FC1621CB5952500FBCB84 /* Headers */,
				BA5FC1631CB5952500FBCB84 /* Resources */,
			);
			buildRules = (
			);
			dependencies = (
			);
			name = Medea_tvOS;
			productName = Medea_tvOS;
			productReference = BA5FC1651CB5952500FBCB84 /* Medea.framework */;
			productType = "com.apple.product-type.framework";
		};
		BA5FC16D1CB5952500FBCB84 /* Medea_tvOSTests */ = {
			isa = PBXNativeTarget;
			buildConfigurationList = BA5FC1791CB5952500FBCB84 /* Build configuration list for PBXNativeTarget "Medea_tvOSTests" */;
			buildPhases = (
				BA5FC16A1CB5952500FBCB84 /* Sources */,
				BA5FC16B1CB5952500FBCB84 /* Frameworks */,
				BA5FC16C1CB5952500FBCB84 /* Resources */,
			);
			buildRules = (
			);
			dependencies = (
				BA5FC1711CB5952500FBCB84 /* PBXTargetDependency */,
			);
			name = Medea_tvOSTests;
			productName = Medea_tvOSTests;
			productReference = BA5FC16E1CB5952500FBCB84 /* Medea_tvOSTests.xctest */;
			productType = "com.apple.product-type.bundle.unit-test";
		};
		BAA650091CB599E8006F561A /* Medea_watchOS */ = {
			isa = PBXNativeTarget;
			buildConfigurationList = BAA650111CB599E8006F561A /* Build configuration list for PBXNativeTarget "Medea_watchOS" */;
			buildPhases = (
				BAA650051CB599E8006F561A /* Sources */,
				BAA650061CB599E8006F561A /* Frameworks */,
				BAA650071CB599E8006F561A /* Headers */,
				BAA650081CB599E8006F561A /* Resources */,
			);
			buildRules = (
			);
			dependencies = (
			);
			name = Medea_watchOS;
			productName = Medea_watchOS;
			productReference = BAA6500A1CB599E8006F561A /* Medea.framework */;
			productType = "com.apple.product-type.framework";
		};
/* End PBXNativeTarget section */

/* Begin PBXProject section */
		BAF809211CB38E000055F146 /* Project object */ = {
			isa = PBXProject;
			attributes = {
				LastSwiftUpdateCheck = 0730;
				LastUpgradeCheck = 0730;
				ORGANIZATIONNAME = "";
				TargetAttributes = {
					BA5FC1121CB5799700FBCB84 = {
						CreatedOnToolsVersion = 7.3;
					};
					BA5FC11B1CB5799700FBCB84 = {
						CreatedOnToolsVersion = 7.3;
					};
					BA5FC12E1CB57CFE00FBCB84 = {
						CreatedOnToolsVersion = 7.3;
					};
					BA5FC1371CB57CFE00FBCB84 = {
						CreatedOnToolsVersion = 7.3;
					};
					BA5FC1641CB5952500FBCB84 = {
						CreatedOnToolsVersion = 7.3;
					};
					BA5FC16D1CB5952500FBCB84 = {
						CreatedOnToolsVersion = 7.3;
					};
					BAA650091CB599E8006F561A = {
						CreatedOnToolsVersion = 7.3;
					};
				};
			};
			buildConfigurationList = BAF809241CB38E000055F146 /* Build configuration list for PBXProject "Medea" */;
			compatibilityVersion = "Xcode 3.2";
			developmentRegion = English;
			hasScannedForEncodings = 0;
			knownRegions = (
				en,
			);
			mainGroup = BAF809201CB38E000055F146;
			productRefGroup = BAF8092B1CB38E000055F146 /* Products */;
			projectDirPath = "";
			projectRoot = "";
			targets = (
				BA5FC1121CB5799700FBCB84 /* Medea_OSX */,
				BA5FC11B1CB5799700FBCB84 /* Medea_OSXTests */,
				BA5FC12E1CB57CFE00FBCB84 /* Medea_iOS */,
				BA5FC1371CB57CFE00FBCB84 /* Medea_iOSTests */,
				BA5FC1641CB5952500FBCB84 /* Medea_tvOS */,
				BA5FC16D1CB5952500FBCB84 /* Medea_tvOSTests */,
				BAA650091CB599E8006F561A /* Medea_watchOS */,
			);
		};
/* End PBXProject section */

/* Begin PBXResourcesBuildPhase section */
		BA5FC1111CB5799700FBCB84 /* Resources */ = {
			isa = PBXResourcesBuildPhase;
			buildActionMask = 2147483647;
			files = (
			);
			runOnlyForDeploymentPostprocessing = 0;
		};
		BA5FC11A1CB5799700FBCB84 /* Resources */ = {
			isa = PBXResourcesBuildPhase;
			buildActionMask = 2147483647;
			files = (
				BAF4003F1CB9D5DD006A72AD /* json10K.json in Resources */,
				BAF400391CB9BA61006A72AD /* json91K.json in Resources */,
				BAF400491CBA54F6006A72AD /* json11M.json in Resources */,
			);
			runOnlyForDeploymentPostprocessing = 0;
		};
		BA5FC12D1CB57CFE00FBCB84 /* Resources */ = {
			isa = PBXResourcesBuildPhase;
			buildActionMask = 2147483647;
			files = (
			);
			runOnlyForDeploymentPostprocessing = 0;
		};
		BA5FC1361CB57CFE00FBCB84 /* Resources */ = {
			isa = PBXResourcesBuildPhase;
			buildActionMask = 2147483647;
			files = (
				BAF400411CB9D5EC006A72AD /* json91K.json in Resources */,
				BAF400401CB9D5EC006A72AD /* json10K.json in Resources */,
				BAF4004A1CBA54F8006A72AD /* json11M.json in Resources */,
			);
			runOnlyForDeploymentPostprocessing = 0;
		};
		BA5FC1631CB5952500FBCB84 /* Resources */ = {
			isa = PBXResourcesBuildPhase;
			buildActionMask = 2147483647;
			files = (
			);
			runOnlyForDeploymentPostprocessing = 0;
		};
		BA5FC16C1CB5952500FBCB84 /* Resources */ = {
			isa = PBXResourcesBuildPhase;
			buildActionMask = 2147483647;
			files = (
				BAF400431CB9D5FB006A72AD /* json91K.json in Resources */,
				BAF400421CB9D5FB006A72AD /* json10K.json in Resources */,
				BAF4004B1CBA54F9006A72AD /* json11M.json in Resources */,
			);
			runOnlyForDeploymentPostprocessing = 0;
		};
		BAA650081CB599E8006F561A /* Resources */ = {
			isa = PBXResourcesBuildPhase;
			buildActionMask = 2147483647;
			files = (
			);
			runOnlyForDeploymentPostprocessing = 0;
		};
/* End PBXResourcesBuildPhase section */

/* Begin PBXSourcesBuildPhase section */
		BA5FC10E1CB5799700FBCB84 /* Sources */ = {
			isa = PBXSourcesBuildPhase;
			buildActionMask = 2147483647;
			files = (
				BAF4000D1CB8FFF2006A72AD /* JSONDeserialization+Null.swift in Sources */,
				BA6AC9DC1CB6DBCE00D301DD /* JSON+Foundation.swift in Sources */,
				BAA650721CB5AEBC006F561A /* JSONDecodable.swift in Sources */,
				BAA650161CB5AE71006F561A /* JSON+Accessor.swift in Sources */,
				BAF400211CB973A5006A72AD /* JSONDeserialization+Array.swift in Sources */,
				BAA6504F1CB5AEAB006F561A /* JSONNullSerialization.swift in Sources */,
				BAF4002B1CB977BF006A72AD /* JSONDeserialization+Value.swift in Sources */,
				BAF400581CBAAC30006A72AD /* JSONDeserialization+Public.swift in Sources */,
				BAA650501CB5AEAB006F561A /* JSONBoolSerialization.swift in Sources */,
				BAF400261CB97550006A72AD /* JSONDeserialization+Object.swift in Sources */,
				BAF400621CBBF6FC006A72AD /* RingBuffer.swift in Sources */,
				BAA6506E1CB5AEB4006F561A /* JSONEncodable.swift in Sources */,
				BAF400031CB86406006A72AD /* JSON+Error.swift in Sources */,
				BAA650121CB5AE69006F561A /* JSON.swift in Sources */,
				BAA6502E1CB5AE9E006F561A /* JSONDeserialization.swift in Sources */,
				BAA6504E1CB5AEAB006F561A /* JSONSerialization.swift in Sources */,
				BAA650221CB5AE84006F561A /* JSON+Constant.swift in Sources */,
				BA5B21A11CC02D4700654A6C /* StringUnicodeScalarView.swift in Sources */,
				BAA650551CB5AEAB006F561A /* JSONObjectSerialization.swift in Sources */,
				BAA650541CB5AEAB006F561A /* JSONArraySerialization.swift in Sources */,
				BAA650511CB5AEAB006F561A /* JSONNumberSerialization.swift in Sources */,
				BAA6501A1CB5AE78006F561A /* JSON+Initializer.swift in Sources */,
				BAA650531CB5AEAB006F561A /* JSONStringSerialization.swift in Sources */,
				BAA6502A1CB5AE93006F561A /* Set+PatternMatch.swift in Sources */,
				BAF400531CBAA875006A72AD /* JSONSerialization+Public.swift in Sources */,
				BAA650261CB5AE8E006F561A /* Scanner.swift in Sources */,
				BAF4001C1CB96D92006A72AD /* JSONDeserialization+String.swift in Sources */,
				BAF400171CB95B1F006A72AD /* JSONDeserialization+Number.swift in Sources */,
				BAA6501E1CB5AE7F006F561A /* JSON+LiteralConvertible.swift in Sources */,
				BAF400121CB9435E006A72AD /* JSONDeserialization+Bool.swift in Sources */,
			);
			runOnlyForDeploymentPostprocessing = 0;
		};
		BA5FC1181CB5799700FBCB84 /* Sources */ = {
			isa = PBXSourcesBuildPhase;
			buildActionMask = 2147483647;
			files = (
				BAF400301CB98A6E006A72AD /* MedeaTestDeserialization.swift in Sources */,
				BA6306FE1CC0BCC5000D98EA /* MedeaTestSerialization.swift in Sources */,
				BAF4005D1CBAB117006A72AD /* MedeaTestScanner.swift in Sources */,
				BAF400681CBC6AE9006A72AD /* MedeaTestRingBuffer.swift in Sources */,
			);
			runOnlyForDeploymentPostprocessing = 0;
		};
		BA5FC12A1CB57CFE00FBCB84 /* Sources */ = {
			isa = PBXSourcesBuildPhase;
			buildActionMask = 2147483647;
			files = (
				BAF4000E1CB8FFF2006A72AD /* JSONDeserialization+Null.swift in Sources */,
				BA6AC9DD1CB6DBCE00D301DD /* JSON+Foundation.swift in Sources */,
				BAA650731CB5AEBD006F561A /* JSONDecodable.swift in Sources */,
				BAA650171CB5AE72006F561A /* JSON+Accessor.swift in Sources */,
				BAF400221CB973A5006A72AD /* JSONDeserialization+Array.swift in Sources */,
				BAA650571CB5AEAB006F561A /* JSONNullSerialization.swift in Sources */,
				BAF4002C1CB977BF006A72AD /* JSONDeserialization+Value.swift in Sources */,
				BAF400591CBAAC30006A72AD /* JSONDeserialization+Public.swift in Sources */,
				BAA650581CB5AEAB006F561A /* JSONBoolSerialization.swift in Sources */,
				BAF400271CB97550006A72AD /* JSONDeserialization+Object.swift in Sources */,
				BAF400631CBBF6FC006A72AD /* RingBuffer.swift in Sources */,
				BAA6506F1CB5AEB5006F561A /* JSONEncodable.swift in Sources */,
				BAF400041CB86406006A72AD /* JSON+Error.swift in Sources */,
				BAA650131CB5AE6A006F561A /* JSON.swift in Sources */,
				BAA650361CB5AE9F006F561A /* JSONDeserialization.swift in Sources */,
				BAA650561CB5AEAB006F561A /* JSONSerialization.swift in Sources */,
				BAA650231CB5AE85006F561A /* JSON+Constant.swift in Sources */,
				BA5B21A21CC02D4700654A6C /* StringUnicodeScalarView.swift in Sources */,
				BAA6505D1CB5AEAB006F561A /* JSONObjectSerialization.swift in Sources */,
				BAA6505C1CB5AEAB006F561A /* JSONArraySerialization.swift in Sources */,
				BAA650591CB5AEAB006F561A /* JSONNumberSerialization.swift in Sources */,
				BAA6501B1CB5AE78006F561A /* JSON+Initializer.swift in Sources */,
				BAA6505B1CB5AEAB006F561A /* JSONStringSerialization.swift in Sources */,
				BAA6502B1CB5AE94006F561A /* Set+PatternMatch.swift in Sources */,
				BAF400541CBAA875006A72AD /* JSONSerialization+Public.swift in Sources */,
				BAA650271CB5AE8F006F561A /* Scanner.swift in Sources */,
				BAF4001D1CB96D92006A72AD /* JSONDeserialization+String.swift in Sources */,
				BAF400181CB95B1F006A72AD /* JSONDeserialization+Number.swift in Sources */,
				BAA6501F1CB5AE7F006F561A /* JSON+LiteralConvertible.swift in Sources */,
				BAF400131CB9435E006A72AD /* JSONDeserialization+Bool.swift in Sources */,
			);
			runOnlyForDeploymentPostprocessing = 0;
		};
		BA5FC1341CB57CFE00FBCB84 /* Sources */ = {
			isa = PBXSourcesBuildPhase;
			buildActionMask = 2147483647;
			files = (
				BAF400311CB98A6E006A72AD /* MedeaTestDeserialization.swift in Sources */,
				BA6306FF1CC0BCC5000D98EA /* MedeaTestSerialization.swift in Sources */,
				BAF4005E1CBAB117006A72AD /* MedeaTestScanner.swift in Sources */,
				BAF400691CBC6AE9006A72AD /* MedeaTestRingBuffer.swift in Sources */,
			);
			runOnlyForDeploymentPostprocessing = 0;
		};
		BA5FC1601CB5952500FBCB84 /* Sources */ = {
			isa = PBXSourcesBuildPhase;
			buildActionMask = 2147483647;
			files = (
				BAF4000F1CB8FFF2006A72AD /* JSONDeserialization+Null.swift in Sources */,
				BA6AC9DE1CB6DBCE00D301DD /* JSON+Foundation.swift in Sources */,
				BAA650741CB5AEBE006F561A /* JSONDecodable.swift in Sources */,
				BAA650181CB5AE73006F561A /* JSON+Accessor.swift in Sources */,
				BAF400231CB973A5006A72AD /* JSONDeserialization+Array.swift in Sources */,
				BAA6505F1CB5AEAC006F561A /* JSONNullSerialization.swift in Sources */,
				BAF4002D1CB977BF006A72AD /* JSONDeserialization+Value.swift in Sources */,
				BAF4005A1CBAAC30006A72AD /* JSONDeserialization+Public.swift in Sources */,
				BAA650601CB5AEAC006F561A /* JSONBoolSerialization.swift in Sources */,
				BAF400281CB97550006A72AD /* JSONDeserialization+Object.swift in Sources */,
				BAF400641CBBF6FC006A72AD /* RingBuffer.swift in Sources */,
				BAA650701CB5AEB6006F561A /* JSONEncodable.swift in Sources */,
				BAF400051CB86406006A72AD /* JSON+Error.swift in Sources */,
				BAA650141CB5AE6B006F561A /* JSON.swift in Sources */,
				BAA6503E1CB5AEA0006F561A /* JSONDeserialization.swift in Sources */,
				BAA6505E1CB5AEAC006F561A /* JSONSerialization.swift in Sources */,
				BAA650241CB5AE86006F561A /* JSON+Constant.swift in Sources */,
				BA5B21A31CC02D4700654A6C /* StringUnicodeScalarView.swift in Sources */,
				BAA650651CB5AEAC006F561A /* JSONObjectSerialization.swift in Sources */,
				BAA650641CB5AEAC006F561A /* JSONArraySerialization.swift in Sources */,
				BAA650611CB5AEAC006F561A /* JSONNumberSerialization.swift in Sources */,
				BAA6501C1CB5AE79006F561A /* JSON+Initializer.swift in Sources */,
				BAA650631CB5AEAC006F561A /* JSONStringSerialization.swift in Sources */,
				BAA6502C1CB5AE95006F561A /* Set+PatternMatch.swift in Sources */,
				BAF400551CBAA875006A72AD /* JSONSerialization+Public.swift in Sources */,
				BAA650281CB5AE90006F561A /* Scanner.swift in Sources */,
				BAF4001E1CB96D92006A72AD /* JSONDeserialization+String.swift in Sources */,
				BAF400191CB95B1F006A72AD /* JSONDeserialization+Number.swift in Sources */,
				BAA650201CB5AE80006F561A /* JSON+LiteralConvertible.swift in Sources */,
				BAF400141CB9435E006A72AD /* JSONDeserialization+Bool.swift in Sources */,
			);
			runOnlyForDeploymentPostprocessing = 0;
		};
		BA5FC16A1CB5952500FBCB84 /* Sources */ = {
			isa = PBXSourcesBuildPhase;
			buildActionMask = 2147483647;
			files = (
				BAF400321CB98A6E006A72AD /* MedeaTestDeserialization.swift in Sources */,
				BA6307001CC0BCC5000D98EA /* MedeaTestSerialization.swift in Sources */,
				BAF4005F1CBAB117006A72AD /* MedeaTestScanner.swift in Sources */,
				BAF4006A1CBC6AE9006A72AD /* MedeaTestRingBuffer.swift in Sources */,
			);
			runOnlyForDeploymentPostprocessing = 0;
		};
		BAA650051CB599E8006F561A /* Sources */ = {
			isa = PBXSourcesBuildPhase;
			buildActionMask = 2147483647;
			files = (
				BAF400101CB8FFF2006A72AD /* JSONDeserialization+Null.swift in Sources */,
				BA6AC9DF1CB6DBCE00D301DD /* JSON+Foundation.swift in Sources */,
				BAA650751CB5AEBE006F561A /* JSONDecodable.swift in Sources */,
				BAA650191CB5AE74006F561A /* JSON+Accessor.swift in Sources */,
				BAF400241CB973A5006A72AD /* JSONDeserialization+Array.swift in Sources */,
				BAA650671CB5AEAD006F561A /* JSONNullSerialization.swift in Sources */,
				BAF4002E1CB977BF006A72AD /* JSONDeserialization+Value.swift in Sources */,
				BAF4005B1CBAAC30006A72AD /* JSONDeserialization+Public.swift in Sources */,
				BAA650681CB5AEAD006F561A /* JSONBoolSerialization.swift in Sources */,
				BAF400291CB97550006A72AD /* JSONDeserialization+Object.swift in Sources */,
				BAF400651CBBF6FC006A72AD /* RingBuffer.swift in Sources */,
				BAA650711CB5AEB7006F561A /* JSONEncodable.swift in Sources */,
				BAF400061CB86406006A72AD /* JSON+Error.swift in Sources */,
				BAA650151CB5AE6D006F561A /* JSON.swift in Sources */,
				BAA650461CB5AEA0006F561A /* JSONDeserialization.swift in Sources */,
				BAA650661CB5AEAD006F561A /* JSONSerialization.swift in Sources */,
				BAA650251CB5AE86006F561A /* JSON+Constant.swift in Sources */,
				BA5B21A41CC02D4700654A6C /* StringUnicodeScalarView.swift in Sources */,
				BAA6506D1CB5AEAD006F561A /* JSONObjectSerialization.swift in Sources */,
				BAA6506C1CB5AEAD006F561A /* JSONArraySerialization.swift in Sources */,
				BAA650691CB5AEAD006F561A /* JSONNumberSerialization.swift in Sources */,
				BAA6501D1CB5AE7A006F561A /* JSON+Initializer.swift in Sources */,
				BAA6506B1CB5AEAD006F561A /* JSONStringSerialization.swift in Sources */,
				BAA6502D1CB5AE96006F561A /* Set+PatternMatch.swift in Sources */,
				BAF400561CBAA875006A72AD /* JSONSerialization+Public.swift in Sources */,
				BAA650291CB5AE90006F561A /* Scanner.swift in Sources */,
				BAF4001F1CB96D92006A72AD /* JSONDeserialization+String.swift in Sources */,
				BAF4001A1CB95B1F006A72AD /* JSONDeserialization+Number.swift in Sources */,
				BAA650211CB5AE81006F561A /* JSON+LiteralConvertible.swift in Sources */,
				BAF400151CB9435E006A72AD /* JSONDeserialization+Bool.swift in Sources */,
			);
			runOnlyForDeploymentPostprocessing = 0;
		};
/* End PBXSourcesBuildPhase section */

/* Begin PBXTargetDependency section */
		BA5FC11F1CB5799700FBCB84 /* PBXTargetDependency */ = {
			isa = PBXTargetDependency;
			target = BA5FC1121CB5799700FBCB84 /* Medea_OSX */;
			targetProxy = BA5FC11E1CB5799700FBCB84 /* PBXContainerItemProxy */;
		};
		BA5FC13B1CB57CFE00FBCB84 /* PBXTargetDependency */ = {
			isa = PBXTargetDependency;
			target = BA5FC12E1CB57CFE00FBCB84 /* Medea_iOS */;
			targetProxy = BA5FC13A1CB57CFE00FBCB84 /* PBXContainerItemProxy */;
		};
		BA5FC1711CB5952500FBCB84 /* PBXTargetDependency */ = {
			isa = PBXTargetDependency;
			target = BA5FC1641CB5952500FBCB84 /* Medea_tvOS */;
			targetProxy = BA5FC1701CB5952500FBCB84 /* PBXContainerItemProxy */;
		};
/* End PBXTargetDependency section */

/* Begin XCBuildConfiguration section */
		BA5FC1251CB5799700FBCB84 /* Debug */ = {
			isa = XCBuildConfiguration;
			buildSettings = {
				APPLICATION_EXTENSION_API_ONLY = YES;
				CODE_SIGN_IDENTITY = "Developer ID Application";
				"CODE_SIGN_IDENTITY[sdk=macosx*]" = "Mac Developer";
				COMBINE_HIDPI_IMAGES = YES;
				DEFINES_MODULE = YES;
				DYLIB_COMPATIBILITY_VERSION = 1;
				DYLIB_CURRENT_VERSION = 1;
				DYLIB_INSTALL_NAME_BASE = "@rpath";
				FRAMEWORK_VERSION = A;
				INFOPLIST_FILE = "$(SRCROOT)/Support/Info_OSX.plist";
				INSTALL_PATH = "$(LOCAL_LIBRARY_DIR)/Frameworks";
				LD_RUNPATH_SEARCH_PATHS = "$(inherited) @executable_path/../Frameworks @loader_path/Frameworks";
				MACOSX_DEPLOYMENT_TARGET = 10.10;
				PRODUCT_BUNDLE_IDENTIFIER = "nl.northernforest.medea-osx";
				PRODUCT_NAME = "$(PROJECT_NAME)";
				PROVISIONING_PROFILE = "";
				SKIP_INSTALL = YES;
			};
			name = Debug;
		};
		BA5FC1261CB5799700FBCB84 /* Release */ = {
			isa = XCBuildConfiguration;
			buildSettings = {
				APPLICATION_EXTENSION_API_ONLY = YES;
				CODE_SIGN_IDENTITY = "Developer ID Application";
				"CODE_SIGN_IDENTITY[sdk=macosx*]" = "Mac Developer";
				COMBINE_HIDPI_IMAGES = YES;
				DEFINES_MODULE = YES;
				DYLIB_COMPATIBILITY_VERSION = 1;
				DYLIB_CURRENT_VERSION = 1;
				DYLIB_INSTALL_NAME_BASE = "@rpath";
				FRAMEWORK_VERSION = A;
				INFOPLIST_FILE = "$(SRCROOT)/Support/Info_OSX.plist";
				INSTALL_PATH = "$(LOCAL_LIBRARY_DIR)/Frameworks";
				LD_RUNPATH_SEARCH_PATHS = "$(inherited) @executable_path/../Frameworks @loader_path/Frameworks";
				MACOSX_DEPLOYMENT_TARGET = 10.10;
				PRODUCT_BUNDLE_IDENTIFIER = "nl.northernforest.medea-osx";
				PRODUCT_NAME = "$(PROJECT_NAME)";
				PROVISIONING_PROFILE = "";
				SKIP_INSTALL = YES;
			};
			name = Release;
		};
		BA5FC1281CB5799700FBCB84 /* Debug */ = {
			isa = XCBuildConfiguration;
			buildSettings = {
				COMBINE_HIDPI_IMAGES = YES;
				INFOPLIST_FILE = "$(SRCROOT)/Tests/Support/Info_OSXTests.plist";
				LD_RUNPATH_SEARCH_PATHS = "$(inherited) @executable_path/../Frameworks @loader_path/../Frameworks";
				MACOSX_DEPLOYMENT_TARGET = 10.10;
				PRODUCT_BUNDLE_IDENTIFIER = "nl.northernforest.medea-osxtests";
				PRODUCT_NAME = "$(TARGET_NAME)";
			};
			name = Debug;
		};
		BA5FC1291CB5799700FBCB84 /* Release */ = {
			isa = XCBuildConfiguration;
			buildSettings = {
				COMBINE_HIDPI_IMAGES = YES;
				INFOPLIST_FILE = "$(SRCROOT)/Tests/Support/Info_OSXTests.plist";
				LD_RUNPATH_SEARCH_PATHS = "$(inherited) @executable_path/../Frameworks @loader_path/../Frameworks";
				MACOSX_DEPLOYMENT_TARGET = 10.10;
				PRODUCT_BUNDLE_IDENTIFIER = "nl.northernforest.medea-osxtests";
				PRODUCT_NAME = "$(TARGET_NAME)";
			};
			name = Release;
		};
		BA5FC1411CB57CFE00FBCB84 /* Debug */ = {
			isa = XCBuildConfiguration;
			buildSettings = {
				APPLICATION_EXTENSION_API_ONLY = YES;
				CODE_SIGN_IDENTITY = "iPhone Developer";
				DEFINES_MODULE = YES;
				DYLIB_COMPATIBILITY_VERSION = 1;
				DYLIB_CURRENT_VERSION = 1;
				DYLIB_INSTALL_NAME_BASE = "@rpath";
				INFOPLIST_FILE = "$(SRCROOT)/Support/Info_iOS.plist";
				INSTALL_PATH = "$(LOCAL_LIBRARY_DIR)/Frameworks";
				IPHONEOS_DEPLOYMENT_TARGET = 8.0;
				LD_RUNPATH_SEARCH_PATHS = "$(inherited) @executable_path/Frameworks @loader_path/Frameworks";
				PRODUCT_BUNDLE_IDENTIFIER = "nl.northernforest.medea-ios";
				PRODUCT_NAME = "$(PROJECT_NAME)";
				SDKROOT = iphoneos;
				SKIP_INSTALL = YES;
				TARGETED_DEVICE_FAMILY = "1,2";
			};
			name = Debug;
		};
		BA5FC1421CB57CFE00FBCB84 /* Release */ = {
			isa = XCBuildConfiguration;
			buildSettings = {
				APPLICATION_EXTENSION_API_ONLY = YES;
				CODE_SIGN_IDENTITY = "iPhone Developer";
				DEFINES_MODULE = YES;
				DYLIB_COMPATIBILITY_VERSION = 1;
				DYLIB_CURRENT_VERSION = 1;
				DYLIB_INSTALL_NAME_BASE = "@rpath";
				INFOPLIST_FILE = "$(SRCROOT)/Support/Info_iOS.plist";
				INSTALL_PATH = "$(LOCAL_LIBRARY_DIR)/Frameworks";
				IPHONEOS_DEPLOYMENT_TARGET = 8.0;
				LD_RUNPATH_SEARCH_PATHS = "$(inherited) @executable_path/Frameworks @loader_path/Frameworks";
				PRODUCT_BUNDLE_IDENTIFIER = "nl.northernforest.medea-ios";
				PRODUCT_NAME = "$(PROJECT_NAME)";
				SDKROOT = iphoneos;
				SKIP_INSTALL = YES;
				TARGETED_DEVICE_FAMILY = "1,2";
				VALIDATE_PRODUCT = YES;
			};
			name = Release;
		};
		BA5FC1441CB57CFE00FBCB84 /* Debug */ = {
			isa = XCBuildConfiguration;
			buildSettings = {
				"CODE_SIGN_IDENTITY[sdk=iphoneos*]" = "iPhone Developer";
				INFOPLIST_FILE = "$(SRCROOT)/Tests/Support/Info_iOSTests.plist";
				IPHONEOS_DEPLOYMENT_TARGET = 9.3;
				LD_RUNPATH_SEARCH_PATHS = "$(inherited) @executable_path/Frameworks @loader_path/Frameworks";
				PRODUCT_BUNDLE_IDENTIFIER = "nl.northernforest.medea-iostests";
				PRODUCT_NAME = "$(TARGET_NAME)";
				SDKROOT = iphoneos;
			};
			name = Debug;
		};
		BA5FC1451CB57CFE00FBCB84 /* Release */ = {
			isa = XCBuildConfiguration;
			buildSettings = {
				"CODE_SIGN_IDENTITY[sdk=iphoneos*]" = "iPhone Developer";
				INFOPLIST_FILE = "$(SRCROOT)/Tests/Support/Info_iOSTests.plist";
				IPHONEOS_DEPLOYMENT_TARGET = 9.3;
				LD_RUNPATH_SEARCH_PATHS = "$(inherited) @executable_path/Frameworks @loader_path/Frameworks";
				PRODUCT_BUNDLE_IDENTIFIER = "nl.northernforest.medea-iostests";
				PRODUCT_NAME = "$(TARGET_NAME)";
				SDKROOT = iphoneos;
				VALIDATE_PRODUCT = YES;
			};
			name = Release;
		};
		BA5FC1771CB5952500FBCB84 /* Debug */ = {
			isa = XCBuildConfiguration;
			buildSettings = {
				APPLICATION_EXTENSION_API_ONLY = YES;
				CODE_SIGN_IDENTITY = "iPhone Developer";
				DEFINES_MODULE = YES;
				DYLIB_COMPATIBILITY_VERSION = 1;
				DYLIB_CURRENT_VERSION = 1;
				DYLIB_INSTALL_NAME_BASE = "@rpath";
				INFOPLIST_FILE = "$(SRCROOT)/Support/Info-tvOS.plist";
				INSTALL_PATH = "$(LOCAL_LIBRARY_DIR)/Frameworks";
				LD_RUNPATH_SEARCH_PATHS = "$(inherited) @executable_path/Frameworks @loader_path/Frameworks";
				PRODUCT_BUNDLE_IDENTIFIER = "nl.northernforest.medea-tvos";
				PRODUCT_NAME = "$(PROJECT_NAME)";
				SDKROOT = appletvos;
				SKIP_INSTALL = YES;
				TARGETED_DEVICE_FAMILY = 3;
				TVOS_DEPLOYMENT_TARGET = 9.0;
			};
			name = Debug;
		};
		BA5FC1781CB5952500FBCB84 /* Release */ = {
			isa = XCBuildConfiguration;
			buildSettings = {
				APPLICATION_EXTENSION_API_ONLY = YES;
				CODE_SIGN_IDENTITY = "iPhone Developer";
				DEFINES_MODULE = YES;
				DYLIB_COMPATIBILITY_VERSION = 1;
				DYLIB_CURRENT_VERSION = 1;
				DYLIB_INSTALL_NAME_BASE = "@rpath";
				INFOPLIST_FILE = "$(SRCROOT)/Support/Info-tvOS.plist";
				INSTALL_PATH = "$(LOCAL_LIBRARY_DIR)/Frameworks";
				LD_RUNPATH_SEARCH_PATHS = "$(inherited) @executable_path/Frameworks @loader_path/Frameworks";
				PRODUCT_BUNDLE_IDENTIFIER = "nl.northernforest.medea-tvos";
				PRODUCT_NAME = "$(PROJECT_NAME)";
				SDKROOT = appletvos;
				SKIP_INSTALL = YES;
				TARGETED_DEVICE_FAMILY = 3;
				TVOS_DEPLOYMENT_TARGET = 9.0;
				VALIDATE_PRODUCT = YES;
			};
			name = Release;
		};
		BA5FC17A1CB5952500FBCB84 /* Debug */ = {
			isa = XCBuildConfiguration;
			buildSettings = {
				INFOPLIST_FILE = "$(SRCROOT)/Tests/Support/Info_tvOSTests.plist";
				LD_RUNPATH_SEARCH_PATHS = "$(inherited) @executable_path/Frameworks @loader_path/Frameworks";
				PRODUCT_BUNDLE_IDENTIFIER = "nl.northernforest.medea-tvostests";
				PRODUCT_NAME = "$(TARGET_NAME)";
				SDKROOT = appletvos;
				TVOS_DEPLOYMENT_TARGET = 9.2;
			};
			name = Debug;
		};
		BA5FC17B1CB5952500FBCB84 /* Release */ = {
			isa = XCBuildConfiguration;
			buildSettings = {
				INFOPLIST_FILE = "$(SRCROOT)/Tests/Support/Info_tvOSTests.plist";
				LD_RUNPATH_SEARCH_PATHS = "$(inherited) @executable_path/Frameworks @loader_path/Frameworks";
				PRODUCT_BUNDLE_IDENTIFIER = "nl.northernforest.medea-tvostests";
				PRODUCT_NAME = "$(TARGET_NAME)";
				SDKROOT = appletvos;
				TVOS_DEPLOYMENT_TARGET = 9.2;
				VALIDATE_PRODUCT = YES;
			};
			name = Release;
		};
		BAA6500F1CB599E8006F561A /* Debug */ = {
			isa = XCBuildConfiguration;
			buildSettings = {
				APPLICATION_EXTENSION_API_ONLY = YES;
				CODE_SIGN_IDENTITY = "iPhone Developer";
				DEFINES_MODULE = YES;
				DYLIB_COMPATIBILITY_VERSION = 1;
				DYLIB_CURRENT_VERSION = 1;
				DYLIB_INSTALL_NAME_BASE = "@rpath";
				INFOPLIST_FILE = "$(SRCROOT)/Support/Info-watchOS.plist";
				INSTALL_PATH = "$(LOCAL_LIBRARY_DIR)/Frameworks";
				LD_RUNPATH_SEARCH_PATHS = "$(inherited) @executable_path/Frameworks @loader_path/Frameworks";
				PRODUCT_BUNDLE_IDENTIFIER = "nl.northernforest.medea-watchos";
				PRODUCT_NAME = "$(PROJECT_NAME)";
				SDKROOT = watchos;
				SKIP_INSTALL = YES;
				TARGETED_DEVICE_FAMILY = 4;
				WATCHOS_DEPLOYMENT_TARGET = 2.0;
			};
			name = Debug;
		};
		BAA650101CB599E8006F561A /* Release */ = {
			isa = XCBuildConfiguration;
			buildSettings = {
				APPLICATION_EXTENSION_API_ONLY = YES;
				CODE_SIGN_IDENTITY = "iPhone Developer";
				DEFINES_MODULE = YES;
				DYLIB_COMPATIBILITY_VERSION = 1;
				DYLIB_CURRENT_VERSION = 1;
				DYLIB_INSTALL_NAME_BASE = "@rpath";
				INFOPLIST_FILE = "$(SRCROOT)/Support/Info-watchOS.plist";
				INSTALL_PATH = "$(LOCAL_LIBRARY_DIR)/Frameworks";
				LD_RUNPATH_SEARCH_PATHS = "$(inherited) @executable_path/Frameworks @loader_path/Frameworks";
				PRODUCT_BUNDLE_IDENTIFIER = "nl.northernforest.medea-watchos";
				PRODUCT_NAME = "$(PROJECT_NAME)";
				SDKROOT = watchos;
				SKIP_INSTALL = YES;
				TARGETED_DEVICE_FAMILY = 4;
				VALIDATE_PRODUCT = YES;
				WATCHOS_DEPLOYMENT_TARGET = 2.0;
			};
			name = Release;
		};
		BAF8093C1CB38E000055F146 /* Debug */ = {
			isa = XCBuildConfiguration;
			buildSettings = {
				ALWAYS_SEARCH_USER_PATHS = NO;
				CLANG_ANALYZER_NONNULL = YES;
				CLANG_CXX_LANGUAGE_STANDARD = "gnu++0x";
				CLANG_CXX_LIBRARY = "libc++";
				CLANG_ENABLE_MODULES = YES;
				CLANG_ENABLE_OBJC_ARC = YES;
				CLANG_WARN_BOOL_CONVERSION = YES;
				CLANG_WARN_CONSTANT_CONVERSION = YES;
				CLANG_WARN_DIRECT_OBJC_ISA_USAGE = YES_ERROR;
				CLANG_WARN_EMPTY_BODY = YES;
				CLANG_WARN_ENUM_CONVERSION = YES;
				CLANG_WARN_INT_CONVERSION = YES;
				CLANG_WARN_OBJC_ROOT_CLASS = YES_ERROR;
				CLANG_WARN_UNREACHABLE_CODE = YES;
				CLANG_WARN__DUPLICATE_METHOD_MATCH = YES;
				CODE_SIGN_IDENTITY = "-";
				COPY_PHASE_STRIP = NO;
				CURRENT_PROJECT_VERSION = 1;
				DEBUG_INFORMATION_FORMAT = dwarf;
				ENABLE_STRICT_OBJC_MSGSEND = YES;
				ENABLE_TESTABILITY = YES;
				GCC_C_LANGUAGE_STANDARD = gnu99;
				GCC_DYNAMIC_NO_PIC = NO;
				GCC_NO_COMMON_BLOCKS = YES;
				GCC_OPTIMIZATION_LEVEL = 0;
				GCC_PREPROCESSOR_DEFINITIONS = (
					"DEBUG=1",
					"$(inherited)",
				);
				GCC_WARN_64_TO_32_BIT_CONVERSION = YES;
				GCC_WARN_ABOUT_RETURN_TYPE = YES_ERROR;
				GCC_WARN_UNDECLARED_SELECTOR = YES;
				GCC_WARN_UNINITIALIZED_AUTOS = YES_AGGRESSIVE;
				GCC_WARN_UNUSED_FUNCTION = YES;
				GCC_WARN_UNUSED_VARIABLE = YES;
				IPHONEOS_DEPLOYMENT_TARGET = 8.0;
				MACOSX_DEPLOYMENT_TARGET = 10.10;
				MTL_ENABLE_DEBUG_INFO = YES;
				ONLY_ACTIVE_ARCH = YES;
				SDKROOT = macosx;
				SWIFT_OPTIMIZATION_LEVEL = "-Onone";
				VERSIONING_SYSTEM = "apple-generic";
				VERSION_INFO_PREFIX = "";
			};
			name = Debug;
		};
		BAF8093D1CB38E000055F146 /* Release */ = {
			isa = XCBuildConfiguration;
			buildSettings = {
				ALWAYS_SEARCH_USER_PATHS = NO;
				CLANG_ANALYZER_NONNULL = YES;
				CLANG_CXX_LANGUAGE_STANDARD = "gnu++0x";
				CLANG_CXX_LIBRARY = "libc++";
				CLANG_ENABLE_MODULES = YES;
				CLANG_ENABLE_OBJC_ARC = YES;
				CLANG_WARN_BOOL_CONVERSION = YES;
				CLANG_WARN_CONSTANT_CONVERSION = YES;
				CLANG_WARN_DIRECT_OBJC_ISA_USAGE = YES_ERROR;
				CLANG_WARN_EMPTY_BODY = YES;
				CLANG_WARN_ENUM_CONVERSION = YES;
				CLANG_WARN_INT_CONVERSION = YES;
				CLANG_WARN_OBJC_ROOT_CLASS = YES_ERROR;
				CLANG_WARN_UNREACHABLE_CODE = YES;
				CLANG_WARN__DUPLICATE_METHOD_MATCH = YES;
				CODE_SIGN_IDENTITY = "-";
				COPY_PHASE_STRIP = NO;
				CURRENT_PROJECT_VERSION = 1;
				DEBUG_INFORMATION_FORMAT = "dwarf-with-dsym";
				ENABLE_NS_ASSERTIONS = NO;
				ENABLE_STRICT_OBJC_MSGSEND = YES;
				GCC_C_LANGUAGE_STANDARD = gnu99;
				GCC_NO_COMMON_BLOCKS = YES;
				GCC_WARN_64_TO_32_BIT_CONVERSION = YES;
				GCC_WARN_ABOUT_RETURN_TYPE = YES_ERROR;
				GCC_WARN_UNDECLARED_SELECTOR = YES;
				GCC_WARN_UNINITIALIZED_AUTOS = YES_AGGRESSIVE;
				GCC_WARN_UNUSED_FUNCTION = YES;
				GCC_WARN_UNUSED_VARIABLE = YES;
				IPHONEOS_DEPLOYMENT_TARGET = 8.0;
				MACOSX_DEPLOYMENT_TARGET = 10.10;
				MTL_ENABLE_DEBUG_INFO = NO;
				SDKROOT = macosx;
				VERSIONING_SYSTEM = "apple-generic";
				VERSION_INFO_PREFIX = "";
			};
			name = Release;
		};
/* End XCBuildConfiguration section */

/* Begin XCConfigurationList section */
		BA5FC1241CB5799700FBCB84 /* Build configuration list for PBXNativeTarget "Medea_OSX" */ = {
			isa = XCConfigurationList;
			buildConfigurations = (
				BA5FC1251CB5799700FBCB84 /* Debug */,
				BA5FC1261CB5799700FBCB84 /* Release */,
			);
			defaultConfigurationIsVisible = 0;
			defaultConfigurationName = Release;
		};
		BA5FC1271CB5799700FBCB84 /* Build configuration list for PBXNativeTarget "Medea_OSXTests" */ = {
			isa = XCConfigurationList;
			buildConfigurations = (
				BA5FC1281CB5799700FBCB84 /* Debug */,
				BA5FC1291CB5799700FBCB84 /* Release */,
			);
			defaultConfigurationIsVisible = 0;
			defaultConfigurationName = Release;
		};
		BA5FC1401CB57CFE00FBCB84 /* Build configuration list for PBXNativeTarget "Medea_iOS" */ = {
			isa = XCConfigurationList;
			buildConfigurations = (
				BA5FC1411CB57CFE00FBCB84 /* Debug */,
				BA5FC1421CB57CFE00FBCB84 /* Release */,
			);
			defaultConfigurationIsVisible = 0;
			defaultConfigurationName = Release;
		};
		BA5FC1431CB57CFE00FBCB84 /* Build configuration list for PBXNativeTarget "Medea_iOSTests" */ = {
			isa = XCConfigurationList;
			buildConfigurations = (
				BA5FC1441CB57CFE00FBCB84 /* Debug */,
				BA5FC1451CB57CFE00FBCB84 /* Release */,
			);
			defaultConfigurationIsVisible = 0;
			defaultConfigurationName = Release;
		};
		BA5FC1761CB5952500FBCB84 /* Build configuration list for PBXNativeTarget "Medea_tvOS" */ = {
			isa = XCConfigurationList;
			buildConfigurations = (
				BA5FC1771CB5952500FBCB84 /* Debug */,
				BA5FC1781CB5952500FBCB84 /* Release */,
			);
			defaultConfigurationIsVisible = 0;
			defaultConfigurationName = Release;
		};
		BA5FC1791CB5952500FBCB84 /* Build configuration list for PBXNativeTarget "Medea_tvOSTests" */ = {
			isa = XCConfigurationList;
			buildConfigurations = (
				BA5FC17A1CB5952500FBCB84 /* Debug */,
				BA5FC17B1CB5952500FBCB84 /* Release */,
			);
			defaultConfigurationIsVisible = 0;
			defaultConfigurationName = Release;
		};
		BAA650111CB599E8006F561A /* Build configuration list for PBXNativeTarget "Medea_watchOS" */ = {
			isa = XCConfigurationList;
			buildConfigurations = (
				BAA6500F1CB599E8006F561A /* Debug */,
				BAA650101CB599E8006F561A /* Release */,
			);
			defaultConfigurationIsVisible = 0;
			defaultConfigurationName = Release;
		};
		BAF809241CB38E000055F146 /* Build configuration list for PBXProject "Medea" */ = {
			isa = XCConfigurationList;
			buildConfigurations = (
				BAF8093C1CB38E000055F146 /* Debug */,
				BAF8093D1CB38E000055F146 /* Release */,
			);
			defaultConfigurationIsVisible = 0;
			defaultConfigurationName = Release;
		};
/* End XCConfigurationList section */
	};
	rootObject = BAF809211CB38E000055F146 /* Project object */;
}
